// !$*UTF8*$!
{
	archiveVersion = 1;
	classes = {
	};
	objectVersion = 51;
	objects = {

/* Begin PBXBuildFile section */
		58CA4D4D79F514DD583AA082 /* libPods-Embla.a in Frameworks */ = {isa = PBXBuildFile; fileRef = FDF1E2EC415384E4A4629D2F /* libPods-Embla.a */; };
		D34C17CE1C948F5700D69BCA /* main.m in Sources */ = {isa = PBXBuildFile; fileRef = D34C17CD1C948F5700D69BCA /* main.m */; };
		D34C17D11C948F5700D69BCA /* AppDelegate.m in Sources */ = {isa = PBXBuildFile; fileRef = D34C17D01C948F5700D69BCA /* AppDelegate.m */; };
		D34C17DC1C948F5800D69BCA /* LaunchScreen.storyboard in Resources */ = {isa = PBXBuildFile; fileRef = D34C17DA1C948F5800D69BCA /* LaunchScreen.storyboard */; };
		D392D9861C94937D002F5132 /* Main.storyboard in Resources */ = {isa = PBXBuildFile; fileRef = D392D9851C94937D002F5132 /* Main.storyboard */; };
		D392D9891C94938F002F5132 /* MainViewController.m in Sources */ = {isa = PBXBuildFile; fileRef = D392D9881C94938F002F5132 /* MainViewController.m */; };
		D3FFBC371C96208B00268A5F /* SpeechRecognitionService.m in Sources */ = {isa = PBXBuildFile; fileRef = D3FFBC361C96208B00268A5F /* SpeechRecognitionService.m */; };
		F40B12562343908F00CBE9B4 /* WebKit.framework in Frameworks */ = {isa = PBXBuildFile; fileRef = F40B12552343908F00CBE9B4 /* WebKit.framework */; };
		F421878B237C78880097E5D4 /* conn-karl.wav in Resources */ = {isa = PBXBuildFile; fileRef = F4218788237C78880097E5D4 /* conn-karl.wav */; };
		F421878C237C78880097E5D4 /* dunno-karl.wav in Resources */ = {isa = PBXBuildFile; fileRef = F4218789237C78880097E5D4 /* dunno-karl.wav */; };
		F421878D237C78880097E5D4 /* err-karl.wav in Resources */ = {isa = PBXBuildFile; fileRef = F421878A237C78880097E5D4 /* err-karl.wav */; };
		F4218791237C789C0097E5D4 /* dunno-dora.wav in Resources */ = {isa = PBXBuildFile; fileRef = F421878E237C789C0097E5D4 /* dunno-dora.wav */; };
		F4218792237C789C0097E5D4 /* conn-dora.wav in Resources */ = {isa = PBXBuildFile; fileRef = F421878F237C789C0097E5D4 /* conn-dora.wav */; };
		F4218793237C789C0097E5D4 /* err-dora.wav in Resources */ = {isa = PBXBuildFile; fileRef = F4218790237C789C0097E5D4 /* err-dora.wav */; };
		F421879D237C79640097E5D4 /* rec_cancel.wav in Resources */ = {isa = PBXBuildFile; fileRef = F421879A237C79640097E5D4 /* rec_cancel.wav */; };
		F421879E237C79640097E5D4 /* rec_confirm.wav in Resources */ = {isa = PBXBuildFile; fileRef = F421879B237C79640097E5D4 /* rec_confirm.wav */; };
		F421879F237C79640097E5D4 /* rec_begin.wav in Resources */ = {isa = PBXBuildFile; fileRef = F421879C237C79640097E5D4 /* rec_begin.wav */; };
		F427692422C1218A00BB6977 /* SettingsViewController.m in Sources */ = {isa = PBXBuildFile; fileRef = F427692322C1218A00BB6977 /* SettingsViewController.m */; };
		F427692722C1219A00BB6977 /* WebViewController.m in Sources */ = {isa = PBXBuildFile; fileRef = F427692622C1219A00BB6977 /* WebViewController.m */; };
		F4482F2C22B930530050148E /* CoreLocation.framework in Frameworks */ = {isa = PBXBuildFile; fileRef = F4482F2B22B930530050148E /* CoreLocation.framework */; };
		F448564F2667F35F0098872C /* Snowboy.framework in Frameworks */ = {isa = PBXBuildFile; fileRef = F448564E2667F35F0098872C /* Snowboy.framework */; };
		F44856532668F4F30098872C /* Accelerate.framework in Frameworks */ = {isa = PBXBuildFile; fileRef = F44856522668F4F30098872C /* Accelerate.framework */; };
		F461CFBC261E13C900B2323C /* AudioRecordingService.m in Sources */ = {isa = PBXBuildFile; fileRef = F461CFBA261E13C900B2323C /* AudioRecordingService.m */; };
		F461CFD02620B23700B2323C /* hae_embla.umdl in Resources */ = {isa = PBXBuildFile; fileRef = F461CFCC2620B23700B2323C /* hae_embla.umdl */; };
		F461CFD22620B23700B2323C /* common.res in Resources */ = {isa = PBXBuildFile; fileRef = F461CFCF2620B23700B2323C /* common.res */; };
		F461CFD72620B27500B2323C /* SnowboyDetector.mm in Sources */ = {isa = PBXBuildFile; fileRef = F461CFD62620B27500B2323C /* SnowboyDetector.mm */; };
		F461CFE22620C70800B2323C /* PocketsphinxDetector.m in Sources */ = {isa = PBXBuildFile; fileRef = F461CFE12620C70800B2323C /* PocketsphinxDetector.m */; };
		F469639A22C5086700645F69 /* QuerySession.m in Sources */ = {isa = PBXBuildFile; fileRef = F469639922C5086700645F69 /* QuerySession.m */; };
		F47D200E2370880900E4DB6A /* UIColor+Hex.m in Sources */ = {isa = PBXBuildFile; fileRef = F47D200C2370880800E4DB6A /* UIColor+Hex.m */; };
		F487E8E9267546AC00D25178 /* 2.wav in Resources */ = {isa = PBXBuildFile; fileRef = F487E8E6267546AB00D25178 /* 2.wav */; };
		F487E8EA267546AC00D25178 /* 3.wav in Resources */ = {isa = PBXBuildFile; fileRef = F487E8E7267546AB00D25178 /* 3.wav */; };
		F487E8EB267546AC00D25178 /* 1.wav in Resources */ = {isa = PBXBuildFile; fileRef = F487E8E8267546AC00D25178 /* 1.wav */; };
		F492123522D61D5300337AF8 /* NSString+Additions.m in Sources */ = {isa = PBXBuildFile; fileRef = F492123422D61D5300337AF8 /* NSString+Additions.m */; };
		F4BAE86F25A64402008C852E /* Lato-Regular.woff2 in Resources */ = {isa = PBXBuildFile; fileRef = F4BAE86C25A64402008C852E /* Lato-Regular.woff2 */; };
		F4BAE87025A64402008C852E /* Lato-Bold.woff2 in Resources */ = {isa = PBXBuildFile; fileRef = F4BAE86D25A64402008C852E /* Lato-Bold.woff2 */; };
		F4BAE87125A64402008C852E /* Lato-Italic.woff2 in Resources */ = {isa = PBXBuildFile; fileRef = F4BAE86E25A64402008C852E /* Lato-Italic.woff2 */; };
		F4BBD1A9233A69A800B6A55A /* AcousticModelEnglish.bundle in Resources */ = {isa = PBXBuildFile; fileRef = F4BBD1A7233A69A700B6A55A /* AcousticModelEnglish.bundle */; };
		F4BBD1AA233A69A800B6A55A /* OpenEars.framework in Frameworks */ = {isa = PBXBuildFile; fileRef = F4BBD1A8233A69A700B6A55A /* OpenEars.framework */; };
		F4CDF6D0235F541E00E88CF6 /* Lato-Italic.ttf in Resources */ = {isa = PBXBuildFile; fileRef = F4CDF6CE235F541E00E88CF6 /* Lato-Italic.ttf */; };
		F4CDF6D1235F541E00E88CF6 /* Lato-Regular.ttf in Resources */ = {isa = PBXBuildFile; fileRef = F4CDF6CF235F541E00E88CF6 /* Lato-Regular.ttf */; };
		F4D36A7725ED449E00F5E354 /* Lato-Bold.ttf in Resources */ = {isa = PBXBuildFile; fileRef = F4D36A7625ED449E00F5E354 /* Lato-Bold.ttf */; };
		F4D36A8F25ED4A4900F5E354 /* about.html in Resources */ = {isa = PBXBuildFile; fileRef = F4D36A8B25ED4A4900F5E354 /* about.html */; };
		F4D36A9025ED4A4900F5E354 /* instructions.html in Resources */ = {isa = PBXBuildFile; fileRef = F4D36A8C25ED4A4900F5E354 /* instructions.html */; };
		F4D36A9125ED4A4900F5E354 /* loading.html in Resources */ = {isa = PBXBuildFile; fileRef = F4D36A8D25ED4A4900F5E354 /* loading.html */; };
		F4D36A9225ED4A4900F5E354 /* privacy.html in Resources */ = {isa = PBXBuildFile; fileRef = F4D36A8E25ED4A4900F5E354 /* privacy.html */; };
		F4D36A9525ED4A8F00F5E354 /* style.css in Resources */ = {isa = PBXBuildFile; fileRef = F4D36A9425ED4A8F00F5E354 /* style.css */; };
		F4E1537F23732C1B00388420 /* AudioWaveformView.m in Sources */ = {isa = PBXBuildFile; fileRef = F4E1537E23732C1B00388420 /* AudioWaveformView.m */; };
		F4E1538423744F2100388420 /* InstructionsViewController.m in Sources */ = {isa = PBXBuildFile; fileRef = F4E1538223744F2000388420 /* InstructionsViewController.m */; };
		F4E153862374657C00388420 /* animation.apng in Resources */ = {isa = PBXBuildFile; fileRef = F4E153852374657C00388420 /* animation.apng */; };
		F4E1538C2379BC5F00388420 /* Assets.xcassets in Resources */ = {isa = PBXBuildFile; fileRef = D34C17D81C948F5800D69BCA /* Assets.xcassets */; };
		F4E160F922A977630019EDE7 /* QueryService.m in Sources */ = {isa = PBXBuildFile; fileRef = F4E160F822A977620019EDE7 /* QueryService.m */; };
		F4E7854A23676639004E29D1 /* AboutViewController.m in Sources */ = {isa = PBXBuildFile; fileRef = F4E7854923676639004E29D1 /* AboutViewController.m */; };
		F4E7854D236766E0004E29D1 /* PrivacyViewController.m in Sources */ = {isa = PBXBuildFile; fileRef = F4E7854C236766E0004E29D1 /* PrivacyViewController.m */; };
		F4E785502368BDEA004E29D1 /* SessionButton.m in Sources */ = {isa = PBXBuildFile; fileRef = F4E7854F2368BDEA004E29D1 /* SessionButton.m */; };
		F4E785592368FA9F004E29D1 /* Keys.c in Sources */ = {isa = PBXBuildFile; fileRef = F4E785572368FA88004E29D1 /* Keys.c */; };
		F4E90AC52406C2F9004EE9A6 /* JSExecutor.m in Sources */ = {isa = PBXBuildFile; fileRef = F4E90AC32406C2F9004EE9A6 /* JSExecutor.m */; };
/* End PBXBuildFile section */

/* Begin PBXFileReference section */
		4A9721C02DC1D460E02043CD /* Pods-Embla.debug.xcconfig */ = {isa = PBXFileReference; includeInIndex = 1; lastKnownFileType = text.xcconfig; name = "Pods-Embla.debug.xcconfig"; path = "Pods/Target Support Files/Pods-Embla/Pods-Embla.debug.xcconfig"; sourceTree = "<group>"; };
		D34C17C91C948F5700D69BCA /* Embla.app */ = {isa = PBXFileReference; explicitFileType = wrapper.application; includeInIndex = 0; path = Embla.app; sourceTree = BUILT_PRODUCTS_DIR; };
		D34C17CD1C948F5700D69BCA /* main.m */ = {isa = PBXFileReference; lastKnownFileType = sourcecode.c.objc; path = main.m; sourceTree = "<group>"; };
		D34C17CF1C948F5700D69BCA /* AppDelegate.h */ = {isa = PBXFileReference; lastKnownFileType = sourcecode.c.h; path = AppDelegate.h; sourceTree = "<group>"; };
		D34C17D01C948F5700D69BCA /* AppDelegate.m */ = {isa = PBXFileReference; lastKnownFileType = sourcecode.c.objc; path = AppDelegate.m; sourceTree = "<group>"; };
		D34C17D81C948F5800D69BCA /* Assets.xcassets */ = {isa = PBXFileReference; lastKnownFileType = folder.assetcatalog; path = Assets.xcassets; sourceTree = "<group>"; };
		D34C17DB1C948F5800D69BCA /* Base */ = {isa = PBXFileReference; lastKnownFileType = file.storyboard; name = Base; path = Base.lproj/LaunchScreen.storyboard; sourceTree = "<group>"; };
		D34C17DD1C948F5800D69BCA /* Info.plist */ = {isa = PBXFileReference; lastKnownFileType = text.plist.xml; path = Info.plist; sourceTree = "<group>"; };
		D392D9851C94937D002F5132 /* Main.storyboard */ = {isa = PBXFileReference; fileEncoding = 4; lastKnownFileType = file.storyboard; path = Main.storyboard; sourceTree = "<group>"; };
		D392D9871C94938F002F5132 /* MainViewController.h */ = {isa = PBXFileReference; fileEncoding = 4; lastKnownFileType = sourcecode.c.h; path = MainViewController.h; sourceTree = "<group>"; };
		D392D9881C94938F002F5132 /* MainViewController.m */ = {isa = PBXFileReference; fileEncoding = 4; lastKnownFileType = sourcecode.c.objc; path = MainViewController.m; sourceTree = "<group>"; };
		D3FFBC351C96208B00268A5F /* SpeechRecognitionService.h */ = {isa = PBXFileReference; fileEncoding = 4; lastKnownFileType = sourcecode.c.h; path = SpeechRecognitionService.h; sourceTree = "<group>"; };
		D3FFBC361C96208B00268A5F /* SpeechRecognitionService.m */ = {isa = PBXFileReference; fileEncoding = 4; lastKnownFileType = sourcecode.c.objc; path = SpeechRecognitionService.m; sourceTree = "<group>"; };
		E041B89B0C5D1AED806E3D47 /* Pods-Embla.release.xcconfig */ = {isa = PBXFileReference; includeInIndex = 1; lastKnownFileType = text.xcconfig; name = "Pods-Embla.release.xcconfig"; path = "Pods/Target Support Files/Pods-Embla/Pods-Embla.release.xcconfig"; sourceTree = "<group>"; };
		F40B12552343908F00CBE9B4 /* WebKit.framework */ = {isa = PBXFileReference; lastKnownFileType = wrapper.framework; name = WebKit.framework; path = System/Library/Frameworks/WebKit.framework; sourceTree = SDKROOT; };
		F4218788237C78880097E5D4 /* conn-karl.wav */ = {isa = PBXFileReference; lastKnownFileType = audio.wav; path = "conn-karl.wav"; sourceTree = "<group>"; };
		F4218789237C78880097E5D4 /* dunno-karl.wav */ = {isa = PBXFileReference; lastKnownFileType = audio.wav; path = "dunno-karl.wav"; sourceTree = "<group>"; };
		F421878A237C78880097E5D4 /* err-karl.wav */ = {isa = PBXFileReference; lastKnownFileType = audio.wav; path = "err-karl.wav"; sourceTree = "<group>"; };
		F421878E237C789C0097E5D4 /* dunno-dora.wav */ = {isa = PBXFileReference; lastKnownFileType = audio.wav; path = "dunno-dora.wav"; sourceTree = "<group>"; };
		F421878F237C789C0097E5D4 /* conn-dora.wav */ = {isa = PBXFileReference; lastKnownFileType = audio.wav; path = "conn-dora.wav"; sourceTree = "<group>"; };
		F4218790237C789C0097E5D4 /* err-dora.wav */ = {isa = PBXFileReference; lastKnownFileType = audio.wav; path = "err-dora.wav"; sourceTree = "<group>"; };
		F421879A237C79640097E5D4 /* rec_cancel.wav */ = {isa = PBXFileReference; lastKnownFileType = audio.wav; path = rec_cancel.wav; sourceTree = "<group>"; };
		F421879B237C79640097E5D4 /* rec_confirm.wav */ = {isa = PBXFileReference; lastKnownFileType = audio.wav; path = rec_confirm.wav; sourceTree = "<group>"; };
		F421879C237C79640097E5D4 /* rec_begin.wav */ = {isa = PBXFileReference; lastKnownFileType = audio.wav; path = rec_begin.wav; sourceTree = "<group>"; };
		F427692222C1218A00BB6977 /* SettingsViewController.h */ = {isa = PBXFileReference; lastKnownFileType = sourcecode.c.h; path = SettingsViewController.h; sourceTree = "<group>"; };
		F427692322C1218A00BB6977 /* SettingsViewController.m */ = {isa = PBXFileReference; lastKnownFileType = sourcecode.c.objc; path = SettingsViewController.m; sourceTree = "<group>"; };
		F427692522C1219A00BB6977 /* WebViewController.h */ = {isa = PBXFileReference; lastKnownFileType = sourcecode.c.h; path = WebViewController.h; sourceTree = "<group>"; };
		F427692622C1219A00BB6977 /* WebViewController.m */ = {isa = PBXFileReference; lastKnownFileType = sourcecode.c.objc; path = WebViewController.m; sourceTree = "<group>"; };
		F447F8AC24E70AF90077063A /* GreynirAPI.key */ = {isa = PBXFileReference; lastKnownFileType = text; path = GreynirAPI.key; sourceTree = "<group>"; };
		F4482F2B22B930530050148E /* CoreLocation.framework */ = {isa = PBXFileReference; lastKnownFileType = wrapper.framework; name = CoreLocation.framework; path = System/Library/Frameworks/CoreLocation.framework; sourceTree = SDKROOT; };
		F448564E2667F35F0098872C /* Snowboy.framework */ = {isa = PBXFileReference; lastKnownFileType = wrapper.framework; path = Snowboy.framework; sourceTree = "<group>"; };
		F44856522668F4F30098872C /* Accelerate.framework */ = {isa = PBXFileReference; lastKnownFileType = wrapper.framework; name = Accelerate.framework; path = System/Library/Frameworks/Accelerate.framework; sourceTree = SDKROOT; };
		F44FC67125AD554B00BC72F5 /* ios.yml */ = {isa = PBXFileReference; lastKnownFileType = text.yaml; name = ios.yml; path = .github/workflows/ios.yml; sourceTree = "<group>"; };
		F461CFBA261E13C900B2323C /* AudioRecordingService.m */ = {isa = PBXFileReference; fileEncoding = 4; lastKnownFileType = sourcecode.c.objc; path = AudioRecordingService.m; sourceTree = "<group>"; };
		F461CFBB261E13C900B2323C /* AudioRecordingService.h */ = {isa = PBXFileReference; fileEncoding = 4; lastKnownFileType = sourcecode.c.h; path = AudioRecordingService.h; sourceTree = "<group>"; };
		F461CFCC2620B23700B2323C /* hae_embla.umdl */ = {isa = PBXFileReference; lastKnownFileType = file; path = hae_embla.umdl; sourceTree = "<group>"; };
		F461CFCF2620B23700B2323C /* common.res */ = {isa = PBXFileReference; lastKnownFileType = file; path = common.res; sourceTree = "<group>"; };
		F461CFD52620B27500B2323C /* SnowboyDetector.h */ = {isa = PBXFileReference; fileEncoding = 4; lastKnownFileType = sourcecode.c.h; path = SnowboyDetector.h; sourceTree = "<group>"; };
		F461CFD62620B27500B2323C /* SnowboyDetector.mm */ = {isa = PBXFileReference; fileEncoding = 4; lastKnownFileType = sourcecode.cpp.objcpp; path = SnowboyDetector.mm; sourceTree = "<group>"; };
		F461CFDC2620BCD900B2323C /* HotwordDetector.h */ = {isa = PBXFileReference; lastKnownFileType = sourcecode.c.h; path = HotwordDetector.h; sourceTree = "<group>"; };
		F461CFE02620C70800B2323C /* PocketsphinxDetector.h */ = {isa = PBXFileReference; fileEncoding = 4; lastKnownFileType = sourcecode.c.h; path = PocketsphinxDetector.h; sourceTree = "<group>"; };
		F461CFE12620C70800B2323C /* PocketsphinxDetector.m */ = {isa = PBXFileReference; fileEncoding = 4; lastKnownFileType = sourcecode.c.objc; path = PocketsphinxDetector.m; sourceTree = "<group>"; };
		F469639822C5086700645F69 /* QuerySession.h */ = {isa = PBXFileReference; lastKnownFileType = sourcecode.c.h; name = QuerySession.h; path = Embla/QuerySession.h; sourceTree = SOURCE_ROOT; };
		F469639922C5086700645F69 /* QuerySession.m */ = {isa = PBXFileReference; lastKnownFileType = sourcecode.c.objc; name = QuerySession.m; path = Embla/QuerySession.m; sourceTree = SOURCE_ROOT; };
		F47D200A236C9D0000E4DB6A /* Onboarding.storyboard */ = {isa = PBXFileReference; lastKnownFileType = file.storyboard; path = Onboarding.storyboard; sourceTree = "<group>"; };
		F47D200C2370880800E4DB6A /* UIColor+Hex.m */ = {isa = PBXFileReference; fileEncoding = 4; lastKnownFileType = sourcecode.c.objc; path = "UIColor+Hex.m"; sourceTree = "<group>"; };
		F47D200D2370880900E4DB6A /* UIColor+Hex.h */ = {isa = PBXFileReference; fileEncoding = 4; lastKnownFileType = sourcecode.c.h; path = "UIColor+Hex.h"; sourceTree = "<group>"; };
		F487E8E6267546AB00D25178 /* 2.wav */ = {isa = PBXFileReference; lastKnownFileType = audio.wav; path = 2.wav; sourceTree = "<group>"; };
		F487E8E7267546AB00D25178 /* 3.wav */ = {isa = PBXFileReference; lastKnownFileType = audio.wav; path = 3.wav; sourceTree = "<group>"; };
		F487E8E8267546AC00D25178 /* 1.wav */ = {isa = PBXFileReference; lastKnownFileType = audio.wav; path = 1.wav; sourceTree = "<group>"; };
		F48D15A422DCD31800B2996C /* build.sh */ = {isa = PBXFileReference; lastKnownFileType = text.script.sh; path = build.sh; sourceTree = "<group>"; };
		F48D15A622DCD44E00B2996C /* .gitignore */ = {isa = PBXFileReference; lastKnownFileType = text; path = .gitignore; sourceTree = "<group>"; };
		F492123322D61D5300337AF8 /* NSString+Additions.h */ = {isa = PBXFileReference; fileEncoding = 4; lastKnownFileType = sourcecode.c.h; path = "NSString+Additions.h"; sourceTree = "<group>"; };
		F492123422D61D5300337AF8 /* NSString+Additions.m */ = {isa = PBXFileReference; fileEncoding = 4; lastKnownFileType = sourcecode.c.objc; path = "NSString+Additions.m"; sourceTree = "<group>"; };
		F497BB1D229EF73D00F66BD4 /* Common.h */ = {isa = PBXFileReference; lastKnownFileType = sourcecode.c.h; path = Common.h; sourceTree = "<group>"; };
		F497BB23229EFC2800F66BD4 /* README.md */ = {isa = PBXFileReference; lastKnownFileType = net.daringfireball.markdown; path = README.md; sourceTree = "<group>"; };
		F497BB2522A169DA00F66BD4 /* TODO.txt */ = {isa = PBXFileReference; lastKnownFileType = text; path = TODO.txt; sourceTree = "<group>"; };
		F4BAE86C25A64402008C852E /* Lato-Regular.woff2 */ = {isa = PBXFileReference; lastKnownFileType = file; path = "Lato-Regular.woff2"; sourceTree = "<group>"; };
		F4BAE86D25A64402008C852E /* Lato-Bold.woff2 */ = {isa = PBXFileReference; lastKnownFileType = file; path = "Lato-Bold.woff2"; sourceTree = "<group>"; };
		F4BAE86E25A64402008C852E /* Lato-Italic.woff2 */ = {isa = PBXFileReference; lastKnownFileType = file; path = "Lato-Italic.woff2"; sourceTree = "<group>"; };
		F4BBD1A7233A69A700B6A55A /* AcousticModelEnglish.bundle */ = {isa = PBXFileReference; lastKnownFileType = "wrapper.plug-in"; name = AcousticModelEnglish.bundle; path = ../OpenEars/AcousticModelEnglish.bundle; sourceTree = "<group>"; };
		F4BBD1A8233A69A700B6A55A /* OpenEars.framework */ = {isa = PBXFileReference; lastKnownFileType = wrapper.framework; name = OpenEars.framework; path = OpenEars/OpenEars.framework; sourceTree = "<group>"; };
		F4CDF6CE235F541E00E88CF6 /* Lato-Italic.ttf */ = {isa = PBXFileReference; lastKnownFileType = file; path = "Lato-Italic.ttf"; sourceTree = "<group>"; };
		F4CDF6CF235F541E00E88CF6 /* Lato-Regular.ttf */ = {isa = PBXFileReference; lastKnownFileType = file; path = "Lato-Regular.ttf"; sourceTree = "<group>"; };
		F4D36A7625ED449E00F5E354 /* Lato-Bold.ttf */ = {isa = PBXFileReference; lastKnownFileType = file; path = "Lato-Bold.ttf"; sourceTree = "<group>"; };
		F4D36A8B25ED4A4900F5E354 /* about.html */ = {isa = PBXFileReference; fileEncoding = 4; lastKnownFileType = text.html; path = about.html; sourceTree = "<group>"; };
		F4D36A8C25ED4A4900F5E354 /* instructions.html */ = {isa = PBXFileReference; fileEncoding = 4; lastKnownFileType = text.html; path = instructions.html; sourceTree = "<group>"; };
		F4D36A8D25ED4A4900F5E354 /* loading.html */ = {isa = PBXFileReference; fileEncoding = 4; lastKnownFileType = text.html; path = loading.html; sourceTree = "<group>"; };
		F4D36A8E25ED4A4900F5E354 /* privacy.html */ = {isa = PBXFileReference; fileEncoding = 4; lastKnownFileType = text.html; path = privacy.html; sourceTree = "<group>"; };
		F4D36A9425ED4A8F00F5E354 /* style.css */ = {isa = PBXFileReference; fileEncoding = 4; lastKnownFileType = text.css; path = style.css; sourceTree = "<group>"; };
		F4E1537D23732C1B00388420 /* AudioWaveformView.h */ = {isa = PBXFileReference; lastKnownFileType = sourcecode.c.h; path = AudioWaveformView.h; sourceTree = "<group>"; };
		F4E1537E23732C1B00388420 /* AudioWaveformView.m */ = {isa = PBXFileReference; lastKnownFileType = sourcecode.c.objc; path = AudioWaveformView.m; sourceTree = "<group>"; };
		F4E1538223744F2000388420 /* InstructionsViewController.m */ = {isa = PBXFileReference; fileEncoding = 4; lastKnownFileType = sourcecode.c.objc; path = InstructionsViewController.m; sourceTree = "<group>"; };
		F4E1538323744F2000388420 /* InstructionsViewController.h */ = {isa = PBXFileReference; fileEncoding = 4; lastKnownFileType = sourcecode.c.h; path = InstructionsViewController.h; sourceTree = "<group>"; };
		F4E153852374657C00388420 /* animation.apng */ = {isa = PBXFileReference; lastKnownFileType = file; path = animation.apng; sourceTree = "<group>"; };
		F4E160F722A977620019EDE7 /* QueryService.h */ = {isa = PBXFileReference; lastKnownFileType = sourcecode.c.h; path = QueryService.h; sourceTree = "<group>"; };
		F4E160F822A977620019EDE7 /* QueryService.m */ = {isa = PBXFileReference; lastKnownFileType = sourcecode.c.objc; path = QueryService.m; sourceTree = "<group>"; };
		F4E7854823676639004E29D1 /* AboutViewController.h */ = {isa = PBXFileReference; lastKnownFileType = sourcecode.c.h; path = AboutViewController.h; sourceTree = "<group>"; };
		F4E7854923676639004E29D1 /* AboutViewController.m */ = {isa = PBXFileReference; lastKnownFileType = sourcecode.c.objc; path = AboutViewController.m; sourceTree = "<group>"; };
		F4E7854B236766E0004E29D1 /* PrivacyViewController.h */ = {isa = PBXFileReference; lastKnownFileType = sourcecode.c.h; path = PrivacyViewController.h; sourceTree = "<group>"; };
		F4E7854C236766E0004E29D1 /* PrivacyViewController.m */ = {isa = PBXFileReference; lastKnownFileType = sourcecode.c.objc; path = PrivacyViewController.m; sourceTree = "<group>"; };
		F4E7854E2368BDEA004E29D1 /* SessionButton.h */ = {isa = PBXFileReference; lastKnownFileType = sourcecode.c.h; path = SessionButton.h; sourceTree = "<group>"; };
		F4E7854F2368BDEA004E29D1 /* SessionButton.m */ = {isa = PBXFileReference; lastKnownFileType = sourcecode.c.objc; path = SessionButton.m; sourceTree = "<group>"; };
		F4E785542368FA88004E29D1 /* Keys.h */ = {isa = PBXFileReference; lastKnownFileType = sourcecode.c.h; path = Keys.h; sourceTree = "<group>"; };
		F4E785552368FA88004E29D1 /* GoogleAPI.key */ = {isa = PBXFileReference; lastKnownFileType = text; path = GoogleAPI.key; sourceTree = "<group>"; };
		F4E785572368FA88004E29D1 /* Keys.c */ = {isa = PBXFileReference; lastKnownFileType = sourcecode.c.c; path = Keys.c; sourceTree = "<group>"; };
		F4E785582368FA88004E29D1 /* keys.sh */ = {isa = PBXFileReference; lastKnownFileType = text.script.sh; path = keys.sh; sourceTree = "<group>"; };
		F4E90AC32406C2F9004EE9A6 /* JSExecutor.m */ = {isa = PBXFileReference; fileEncoding = 4; lastKnownFileType = sourcecode.c.objc; path = JSExecutor.m; sourceTree = "<group>"; };
		F4E90AC42406C2F9004EE9A6 /* JSExecutor.h */ = {isa = PBXFileReference; fileEncoding = 4; lastKnownFileType = sourcecode.c.h; path = JSExecutor.h; sourceTree = "<group>"; };
		FDF1E2EC415384E4A4629D2F /* libPods-Embla.a */ = {isa = PBXFileReference; explicitFileType = archive.ar; includeInIndex = 0; path = "libPods-Embla.a"; sourceTree = BUILT_PRODUCTS_DIR; };
/* End PBXFileReference section */

/* Begin PBXFrameworksBuildPhase section */
		D34C17C61C948F5700D69BCA /* Frameworks */ = {
			isa = PBXFrameworksBuildPhase;
			buildActionMask = 2147483647;
			files = (
				F40B12562343908F00CBE9B4 /* WebKit.framework in Frameworks */,
				F4482F2C22B930530050148E /* CoreLocation.framework in Frameworks */,
				F4BBD1AA233A69A800B6A55A /* OpenEars.framework in Frameworks */,
				F44856532668F4F30098872C /* Accelerate.framework in Frameworks */,
				58CA4D4D79F514DD583AA082 /* libPods-Embla.a in Frameworks */,
				F448564F2667F35F0098872C /* Snowboy.framework in Frameworks */,
			);
			runOnlyForDeploymentPostprocessing = 0;
		};
/* End PBXFrameworksBuildPhase section */

/* Begin PBXGroup section */
		32C6BA1B2FA20A9904F13B95 /* Frameworks */ = {
			isa = PBXGroup;
			children = (
				F44856522668F4F30098872C /* Accelerate.framework */,
				F40B12552343908F00CBE9B4 /* WebKit.framework */,
				F4BBD1A8233A69A700B6A55A /* OpenEars.framework */,
				F4482F2B22B930530050148E /* CoreLocation.framework */,
				FDF1E2EC415384E4A4629D2F /* libPods-Embla.a */,
			);
			name = Frameworks;
			sourceTree = "<group>";
		};
		D34C17C01C948F5700D69BCA = {
			isa = PBXGroup;
			children = (
				F44FC67125AD554B00BC72F5 /* ios.yml */,
				F497BB23229EFC2800F66BD4 /* README.md */,
				F497BB2522A169DA00F66BD4 /* TODO.txt */,
				F48D15A422DCD31800B2996C /* build.sh */,
				F48D15A622DCD44E00B2996C /* .gitignore */,
				F4D36A8A25ED4A4900F5E354 /* Docs */,
				D34C17CB1C948F5700D69BCA /* Embla */,
				F461CFCB2620B23700B2323C /* Snowboy */,
				F4E785532368FA88004E29D1 /* Keys */,
				F657FA334EB8D9ABF1ACF569 /* Pods */,
				32C6BA1B2FA20A9904F13B95 /* Frameworks */,
				D34C17CA1C948F5700D69BCA /* Products */,
			);
			sourceTree = "<group>";
		};
		D34C17CA1C948F5700D69BCA /* Products */ = {
			isa = PBXGroup;
			children = (
				D34C17C91C948F5700D69BCA /* Embla.app */,
			);
			name = Products;
			sourceTree = "<group>";
		};
		D34C17CB1C948F5700D69BCA /* Embla */ = {
			isa = PBXGroup;
			children = (
				D34C17CD1C948F5700D69BCA /* main.m */,
				F497BB1D229EF73D00F66BD4 /* Common.h */,
				D34C17CF1C948F5700D69BCA /* AppDelegate.h */,
				D34C17D01C948F5700D69BCA /* AppDelegate.m */,
				F469639822C5086700645F69 /* QuerySession.h */,
				F469639922C5086700645F69 /* QuerySession.m */,
				F427692122C1216A00BB6977 /* Controllers */,
				F4E153812374474E00388420 /* Controls */,
				F427692022C1216300BB6977 /* Services */,
				F427691F22C1215900BB6977 /* Util */,
				D34C17CC1C948F5700D69BCA /* Supporting Files */,
			);
			path = Embla;
			sourceTree = "<group>";
		};
		D34C17CC1C948F5700D69BCA /* Supporting Files */ = {
			isa = PBXGroup;
			children = (
				F4BBD1A7233A69A700B6A55A /* AcousticModelEnglish.bundle */,
				F4CDF6CD235F541E00E88CF6 /* Fonts */,
				F427692822C122F200BB6977 /* Audio */,
				D34C17DD1C948F5800D69BCA /* Info.plist */,
				D392D9851C94937D002F5132 /* Main.storyboard */,
				F47D200A236C9D0000E4DB6A /* Onboarding.storyboard */,
				D34C17DA1C948F5800D69BCA /* LaunchScreen.storyboard */,
				F47D20142371B82F00E4DB6A /* Animations */,
				D34C17D81C948F5800D69BCA /* Assets.xcassets */,
			);
			name = "Supporting Files";
			sourceTree = "<group>";
		};
		F427691F22C1215900BB6977 /* Util */ = {
			isa = PBXGroup;
			children = (
				F492123322D61D5300337AF8 /* NSString+Additions.h */,
				F492123422D61D5300337AF8 /* NSString+Additions.m */,
				F47D200D2370880900E4DB6A /* UIColor+Hex.h */,
				F47D200C2370880800E4DB6A /* UIColor+Hex.m */,
			);
			path = Util;
			sourceTree = "<group>";
		};
		F427692022C1216300BB6977 /* Services */ = {
			isa = PBXGroup;
			children = (
				F461CFDE2620C6F700B2323C /* HotwordDetection */,
				F461CFBB261E13C900B2323C /* AudioRecordingService.h */,
				F461CFBA261E13C900B2323C /* AudioRecordingService.m */,
				F4E160F722A977620019EDE7 /* QueryService.h */,
				F4E160F822A977620019EDE7 /* QueryService.m */,
				D3FFBC351C96208B00268A5F /* SpeechRecognitionService.h */,
				D3FFBC361C96208B00268A5F /* SpeechRecognitionService.m */,
				F4E90AC42406C2F9004EE9A6 /* JSExecutor.h */,
				F4E90AC32406C2F9004EE9A6 /* JSExecutor.m */,
			);
			path = Services;
			sourceTree = "<group>";
		};
		F427692122C1216A00BB6977 /* Controllers */ = {
			isa = PBXGroup;
			children = (
				D392D9871C94938F002F5132 /* MainViewController.h */,
				D392D9881C94938F002F5132 /* MainViewController.m */,
				F427692222C1218A00BB6977 /* SettingsViewController.h */,
				F427692322C1218A00BB6977 /* SettingsViewController.m */,
				F4E785472367655C004E29D1 /* Web */,
			);
			path = Controllers;
			sourceTree = "<group>";
		};
		F427692822C122F200BB6977 /* Audio */ = {
			isa = PBXGroup;
			children = (
				F487E8E8267546AC00D25178 /* 1.wav */,
				F487E8E6267546AB00D25178 /* 2.wav */,
				F487E8E7267546AB00D25178 /* 3.wav */,
				F421879C237C79640097E5D4 /* rec_begin.wav */,
				F421879A237C79640097E5D4 /* rec_cancel.wav */,
				F421879B237C79640097E5D4 /* rec_confirm.wav */,
				F4430DBC22F0ABA900AE64C4 /* Dora */,
				F4430DBB22F0AB9100AE64C4 /* Karl */,
			);
			path = Audio;
			sourceTree = "<group>";
		};
		F4430DBB22F0AB9100AE64C4 /* Karl */ = {
			isa = PBXGroup;
			children = (
				F4218788237C78880097E5D4 /* conn-karl.wav */,
				F4218789237C78880097E5D4 /* dunno-karl.wav */,
				F421878A237C78880097E5D4 /* err-karl.wav */,
			);
			path = Karl;
			sourceTree = "<group>";
		};
		F4430DBC22F0ABA900AE64C4 /* Dora */ = {
			isa = PBXGroup;
			children = (
				F421878F237C789C0097E5D4 /* conn-dora.wav */,
				F421878E237C789C0097E5D4 /* dunno-dora.wav */,
				F4218790237C789C0097E5D4 /* err-dora.wav */,
			);
			path = Dora;
			sourceTree = "<group>";
		};
		F461CFCB2620B23700B2323C /* Snowboy */ = {
			isa = PBXGroup;
			children = (
				F448564E2667F35F0098872C /* Snowboy.framework */,
				F461CFCC2620B23700B2323C /* hae_embla.umdl */,
				F461CFCF2620B23700B2323C /* common.res */,
			);
			path = Snowboy;
			sourceTree = "<group>";
		};
		F461CFDE2620C6F700B2323C /* HotwordDetection */ = {
			isa = PBXGroup;
			children = (
				F461CFDC2620BCD900B2323C /* HotwordDetector.h */,
				F461CFD52620B27500B2323C /* SnowboyDetector.h */,
				F461CFD62620B27500B2323C /* SnowboyDetector.mm */,
				F461CFE02620C70800B2323C /* PocketsphinxDetector.h */,
				F461CFE12620C70800B2323C /* PocketsphinxDetector.m */,
			);
			path = HotwordDetection;
			sourceTree = "<group>";
		};
		F47D20142371B82F00E4DB6A /* Animations */ = {
			isa = PBXGroup;
			children = (
				F4E153852374657C00388420 /* animation.apng */,
			);
			path = Animations;
			sourceTree = "<group>";
		};
		F4CDF6CD235F541E00E88CF6 /* Fonts */ = {
			isa = PBXGroup;
			children = (
				F4CDF6CF235F541E00E88CF6 /* Lato-Regular.ttf */,
				F4BAE86C25A64402008C852E /* Lato-Regular.woff2 */,
				F4CDF6CE235F541E00E88CF6 /* Lato-Italic.ttf */,
				F4BAE86E25A64402008C852E /* Lato-Italic.woff2 */,
				F4D36A7625ED449E00F5E354 /* Lato-Bold.ttf */,
				F4BAE86D25A64402008C852E /* Lato-Bold.woff2 */,
			);
			path = Fonts;
			sourceTree = "<group>";
		};
		F4D36A8A25ED4A4900F5E354 /* Docs */ = {
			isa = PBXGroup;
			children = (
				F4D36A8B25ED4A4900F5E354 /* about.html */,
				F4D36A8C25ED4A4900F5E354 /* instructions.html */,
				F4D36A8D25ED4A4900F5E354 /* loading.html */,
				F4D36A8E25ED4A4900F5E354 /* privacy.html */,
				F4D36A9425ED4A8F00F5E354 /* style.css */,
			);
			path = Docs;
			sourceTree = "<group>";
		};
		F4E153812374474E00388420 /* Controls */ = {
			isa = PBXGroup;
			children = (
				F4E7854E2368BDEA004E29D1 /* SessionButton.h */,
				F4E7854F2368BDEA004E29D1 /* SessionButton.m */,
				F4E1537D23732C1B00388420 /* AudioWaveformView.h */,
				F4E1537E23732C1B00388420 /* AudioWaveformView.m */,
			);
			path = Controls;
			sourceTree = "<group>";
		};
		F4E785472367655C004E29D1 /* Web */ = {
			isa = PBXGroup;
			children = (
				F427692522C1219A00BB6977 /* WebViewController.h */,
				F427692622C1219A00BB6977 /* WebViewController.m */,
				F4E1538323744F2000388420 /* InstructionsViewController.h */,
				F4E1538223744F2000388420 /* InstructionsViewController.m */,
				F4E7854823676639004E29D1 /* AboutViewController.h */,
				F4E7854923676639004E29D1 /* AboutViewController.m */,
				F4E7854B236766E0004E29D1 /* PrivacyViewController.h */,
				F4E7854C236766E0004E29D1 /* PrivacyViewController.m */,
			);
			path = Web;
			sourceTree = "<group>";
		};
		F4E785532368FA88004E29D1 /* Keys */ = {
			isa = PBXGroup;
			children = (
				F4E785582368FA88004E29D1 /* keys.sh */,
				F4E785552368FA88004E29D1 /* GoogleAPI.key */,
				F447F8AC24E70AF90077063A /* GreynirAPI.key */,
				F4E785542368FA88004E29D1 /* Keys.h */,
				F4E785572368FA88004E29D1 /* Keys.c */,
			);
			path = Keys;
			sourceTree = "<group>";
		};
		F657FA334EB8D9ABF1ACF569 /* Pods */ = {
			isa = PBXGroup;
			children = (
				4A9721C02DC1D460E02043CD /* Pods-Embla.debug.xcconfig */,
				E041B89B0C5D1AED806E3D47 /* Pods-Embla.release.xcconfig */,
			);
			name = Pods;
			sourceTree = "<group>";
		};
/* End PBXGroup section */

/* Begin PBXNativeTarget section */
		D34C17C81C948F5700D69BCA /* Embla */ = {
			isa = PBXNativeTarget;
			buildConfigurationList = D34C17E01C948F5800D69BCA /* Build configuration list for PBXNativeTarget "Embla" */;
			buildPhases = (
				D7376F491EC06AD174E07DB4 /* [CP] Check Pods Manifest.lock */,
				F4CDF6CA235E635700E88CF6 /* Update API key file */,
				F4971E75236C7AAE00C8D2B5 /* Update CFBundleVersion number */,
				D34C17C51C948F5700D69BCA /* Sources */,
				D34C17C61C948F5700D69BCA /* Frameworks */,
				D34C17C71C948F5700D69BCA /* Resources */,
				E3F91C2BE4A38FD6E100A64F /* [CP] Copy Pods Resources */,
			);
			buildRules = (
			);
			dependencies = (
			);
			name = Embla;
			productName = Embla;
			productReference = D34C17C91C948F5700D69BCA /* Embla.app */;
			productType = "com.apple.product-type.application";
		};
/* End PBXNativeTarget section */

/* Begin PBXProject section */
		D34C17C11C948F5700D69BCA /* Project object */ = {
			isa = PBXProject;
			attributes = {
				LastUpgradeCheck = 1230;
				ORGANIZATIONNAME = Google;
				TargetAttributes = {
					D34C17C81C948F5700D69BCA = {
						CreatedOnToolsVersion = 7.2;
						LastSwiftMigration = 1220;
					};
				};
			};
			buildConfigurationList = D34C17C41C948F5700D69BCA /* Build configuration list for PBXProject "Embla" */;
			compatibilityVersion = "Xcode 10.0";
			developmentRegion = en;
			hasScannedForEncodings = 0;
			knownRegions = (
				en,
				Base,
			);
			mainGroup = D34C17C01C948F5700D69BCA;
			productRefGroup = D34C17CA1C948F5700D69BCA /* Products */;
			projectDirPath = "";
			projectRoot = "";
			targets = (
				D34C17C81C948F5700D69BCA /* Embla */,
			);
		};
/* End PBXProject section */

/* Begin PBXResourcesBuildPhase section */
		D34C17C71C948F5700D69BCA /* Resources */ = {
			isa = PBXResourcesBuildPhase;
			buildActionMask = 2147483647;
			files = (
				F487E8EB267546AC00D25178 /* 1.wav in Resources */,
				F4BAE86F25A64402008C852E /* Lato-Regular.woff2 in Resources */,
				F4218792237C789C0097E5D4 /* conn-dora.wav in Resources */,
				F487E8EA267546AC00D25178 /* 3.wav in Resources */,
				F4E1538C2379BC5F00388420 /* Assets.xcassets in Resources */,
				F4BAE87125A64402008C852E /* Lato-Italic.woff2 in Resources */,
				F421878B237C78880097E5D4 /* conn-karl.wav in Resources */,
				F461CFD22620B23700B2323C /* common.res in Resources */,
				D392D9861C94937D002F5132 /* Main.storyboard in Resources */,
				F4E153862374657C00388420 /* animation.apng in Resources */,
				D34C17DC1C948F5800D69BCA /* LaunchScreen.storyboard in Resources */,
				F421879D237C79640097E5D4 /* rec_cancel.wav in Resources */,
				F4218793237C789C0097E5D4 /* err-dora.wav in Resources */,
				F487E8E9267546AC00D25178 /* 2.wav in Resources */,
				F421879E237C79640097E5D4 /* rec_confirm.wav in Resources */,
				F461CFD02620B23700B2323C /* hae_embla.umdl in Resources */,
				F4D36A7725ED449E00F5E354 /* Lato-Bold.ttf in Resources */,
				F4D36A9525ED4A8F00F5E354 /* style.css in Resources */,
				F4BAE87025A64402008C852E /* Lato-Bold.woff2 in Resources */,
				F4D36A9225ED4A4900F5E354 /* privacy.html in Resources */,
				F421878D237C78880097E5D4 /* err-karl.wav in Resources */,
				F421879F237C79640097E5D4 /* rec_begin.wav in Resources */,
				F4D36A9025ED4A4900F5E354 /* instructions.html in Resources */,
				F4218791237C789C0097E5D4 /* dunno-dora.wav in Resources */,
				F4D36A9125ED4A4900F5E354 /* loading.html in Resources */,
				F4CDF6D0235F541E00E88CF6 /* Lato-Italic.ttf in Resources */,
				F421878C237C78880097E5D4 /* dunno-karl.wav in Resources */,
				F4D36A8F25ED4A4900F5E354 /* about.html in Resources */,
				F4BBD1A9233A69A800B6A55A /* AcousticModelEnglish.bundle in Resources */,
				F4CDF6D1235F541E00E88CF6 /* Lato-Regular.ttf in Resources */,
			);
			runOnlyForDeploymentPostprocessing = 0;
		};
/* End PBXResourcesBuildPhase section */

/* Begin PBXShellScriptBuildPhase section */
		D7376F491EC06AD174E07DB4 /* [CP] Check Pods Manifest.lock */ = {
			isa = PBXShellScriptBuildPhase;
			buildActionMask = 2147483647;
			files = (
			);
			inputPaths = (
				"${PODS_PODFILE_DIR_PATH}/Podfile.lock",
				"${PODS_ROOT}/Manifest.lock",
			);
			name = "[CP] Check Pods Manifest.lock";
			outputPaths = (
				"$(DERIVED_FILE_DIR)/Pods-Embla-checkManifestLockResult.txt",
			);
			runOnlyForDeploymentPostprocessing = 0;
			shellPath = /bin/sh;
			shellScript = "diff \"${PODS_PODFILE_DIR_PATH}/Podfile.lock\" \"${PODS_ROOT}/Manifest.lock\" > /dev/null\nif [ $? != 0 ] ; then\n    # print error to STDERR\n    echo \"error: The sandbox is not in sync with the Podfile.lock. Run 'pod install' or update your CocoaPods installation.\" >&2\n    exit 1\nfi\n# This output is used by Xcode 'outputs' to avoid re-running this script phase.\necho \"SUCCESS\" > \"${SCRIPT_OUTPUT_FILE_0}\"\n";
			showEnvVarsInLog = 0;
		};
		E3F91C2BE4A38FD6E100A64F /* [CP] Copy Pods Resources */ = {
			isa = PBXShellScriptBuildPhase;
			buildActionMask = 2147483647;
			files = (
			);
			inputFileListPaths = (
				"${PODS_ROOT}/Target Support Files/Pods-Embla/Pods-Embla-resources-${CONFIGURATION}-input-files.xcfilelist",
			);
			name = "[CP] Copy Pods Resources";
			outputFileListPaths = (
				"${PODS_ROOT}/Target Support Files/Pods-Embla/Pods-Embla-resources-${CONFIGURATION}-output-files.xcfilelist",
			);
			runOnlyForDeploymentPostprocessing = 0;
			shellPath = /bin/sh;
			shellScript = "\"${PODS_ROOT}/Target Support Files/Pods-Embla/Pods-Embla-resources.sh\"\n";
			showEnvVarsInLog = 0;
		};
		F4971E75236C7AAE00C8D2B5 /* Update CFBundleVersion number */ = {
			isa = PBXShellScriptBuildPhase;
			buildActionMask = 2147483647;
			files = (
			);
			inputFileListPaths = (
			);
			inputPaths = (
			);
			name = "Update CFBundleVersion number";
			outputFileListPaths = (
			);
			outputPaths = (
			);
			runOnlyForDeploymentPostprocessing = 0;
			shellPath = /bin/sh;
			shellScript = "# Type #!/bin/sh\nBUILD_NUMBER=`git rev-list HEAD | wc -l`\n/usr/libexec/PlistBuddy -c \"Set :CFBundleVersion $BUILD_NUMBER\" \"${INFOPLIST_FILE}\"\n#echo \"warning: ${TARGET_BUILD_DIR}/${INFOPLIST_PATH}\"\nif [ \"$?\" -ne 0 ] ; then\n    echo \"warning:Error incrementing CFBundleVersion\"\nfi\n";
		};
		F4CDF6CA235E635700E88CF6 /* Update API key file */ = {
			isa = PBXShellScriptBuildPhase;
			buildActionMask = 2147483647;
			files = (
			);
			inputFileListPaths = (
			);
			inputPaths = (
			);
			name = "Update API key file";
			outputFileListPaths = (
			);
			outputPaths = (
			);
			runOnlyForDeploymentPostprocessing = 0;
			shellPath = /bin/sh;
			shellScript = "\n/bin/bash \"Keys/keys.sh\" > \"Keys/Keys.c\"\n\n";
		};
/* End PBXShellScriptBuildPhase section */

/* Begin PBXSourcesBuildPhase section */
		D34C17C51C948F5700D69BCA /* Sources */ = {
			isa = PBXSourcesBuildPhase;
			buildActionMask = 2147483647;
			files = (
				F4E90AC52406C2F9004EE9A6 /* JSExecutor.m in Sources */,
				F469639A22C5086700645F69 /* QuerySession.m in Sources */,
				F4E1538423744F2100388420 /* InstructionsViewController.m in Sources */,
				F4E785592368FA9F004E29D1 /* Keys.c in Sources */,
				F4E785502368BDEA004E29D1 /* SessionButton.m in Sources */,
				F461CFE22620C70800B2323C /* PocketsphinxDetector.m in Sources */,
				D392D9891C94938F002F5132 /* MainViewController.m in Sources */,
				F4E1537F23732C1B00388420 /* AudioWaveformView.m in Sources */,
				F4E160F922A977630019EDE7 /* QueryService.m in Sources */,
				F4E7854A23676639004E29D1 /* AboutViewController.m in Sources */,
				F492123522D61D5300337AF8 /* NSString+Additions.m in Sources */,
				F461CFD72620B27500B2323C /* SnowboyDetector.mm in Sources */,
				F427692722C1219A00BB6977 /* WebViewController.m in Sources */,
				F427692422C1218A00BB6977 /* SettingsViewController.m in Sources */,
				F47D200E2370880900E4DB6A /* UIColor+Hex.m in Sources */,
				D34C17D11C948F5700D69BCA /* AppDelegate.m in Sources */,
				D34C17CE1C948F5700D69BCA /* main.m in Sources */,
				D3FFBC371C96208B00268A5F /* SpeechRecognitionService.m in Sources */,
				F461CFBC261E13C900B2323C /* AudioRecordingService.m in Sources */,
				F4E7854D236766E0004E29D1 /* PrivacyViewController.m in Sources */,
			);
			runOnlyForDeploymentPostprocessing = 0;
		};
/* End PBXSourcesBuildPhase section */

/* Begin PBXVariantGroup section */
		D34C17DA1C948F5800D69BCA /* LaunchScreen.storyboard */ = {
			isa = PBXVariantGroup;
			children = (
				D34C17DB1C948F5800D69BCA /* Base */,
			);
			name = LaunchScreen.storyboard;
			sourceTree = "<group>";
		};
/* End PBXVariantGroup section */

/* Begin XCBuildConfiguration section */
		D34C17DE1C948F5800D69BCA /* Debug */ = {
			isa = XCBuildConfiguration;
			buildSettings = {
				ALWAYS_SEARCH_USER_PATHS = NO;
				CLANG_CXX_LANGUAGE_STANDARD = "gnu++0x";
				CLANG_CXX_LIBRARY = "libc++";
				CLANG_ENABLE_MODULES = YES;
				CLANG_ENABLE_OBJC_ARC = YES;
				CLANG_WARN_BLOCK_CAPTURE_AUTORELEASING = YES;
				CLANG_WARN_BOOL_CONVERSION = YES;
				CLANG_WARN_COMMA = YES;
				CLANG_WARN_CONSTANT_CONVERSION = YES;
				CLANG_WARN_DEPRECATED_OBJC_IMPLEMENTATIONS = YES;
				CLANG_WARN_DIRECT_OBJC_ISA_USAGE = YES_ERROR;
				CLANG_WARN_EMPTY_BODY = YES;
				CLANG_WARN_ENUM_CONVERSION = YES;
				CLANG_WARN_INFINITE_RECURSION = YES;
				CLANG_WARN_INT_CONVERSION = YES;
				CLANG_WARN_NON_LITERAL_NULL_CONVERSION = YES;
				CLANG_WARN_OBJC_IMPLICIT_RETAIN_SELF = NO;
				CLANG_WARN_OBJC_LITERAL_CONVERSION = YES;
				CLANG_WARN_OBJC_ROOT_CLASS = YES_ERROR;
				CLANG_WARN_QUOTED_INCLUDE_IN_FRAMEWORK_HEADER = NO;
				CLANG_WARN_RANGE_LOOP_ANALYSIS = YES;
				CLANG_WARN_STRICT_PROTOTYPES = YES;
				CLANG_WARN_SUSPICIOUS_MOVE = YES;
				CLANG_WARN_UNREACHABLE_CODE = YES;
				CLANG_WARN__DUPLICATE_METHOD_MATCH = YES;
				"CODE_SIGN_IDENTITY[sdk=iphoneos*]" = "iPhone Developer";
				COMPRESS_PNG_FILES = NO;
				COPY_PHASE_STRIP = NO;
				DEBUG_INFORMATION_FORMAT = dwarf;
				ENABLE_BITCODE = NO;
				ENABLE_STRICT_OBJC_MSGSEND = YES;
				ENABLE_TESTABILITY = YES;
				GCC_C_LANGUAGE_STANDARD = gnu99;
				GCC_DYNAMIC_NO_PIC = NO;
				GCC_NO_COMMON_BLOCKS = YES;
				GCC_OPTIMIZATION_LEVEL = 0;
				GCC_PREPROCESSOR_DEFINITIONS = (
					"DEBUG=1",
					"$(inherited)",
				);
				GCC_WARN_64_TO_32_BIT_CONVERSION = YES;
				GCC_WARN_ABOUT_RETURN_TYPE = YES_ERROR;
				GCC_WARN_UNDECLARED_SELECTOR = YES;
				GCC_WARN_UNINITIALIZED_AUTOS = YES_AGGRESSIVE;
				GCC_WARN_UNUSED_FUNCTION = YES;
				GCC_WARN_UNUSED_VARIABLE = YES;
				HEADER_SEARCH_PATHS = "$(inherited)";
				IPHONEOS_DEPLOYMENT_TARGET = 12.0;
				LIBRARY_SEARCH_PATHS = (
					"\"$(SRCROOT)/\"",
					"\"$(SRCROOT)/google/cloud/speech/v1\"",
					"$(inherited)",
				);
				MTL_ENABLE_DEBUG_INFO = YES;
				ONLY_ACTIVE_ARCH = YES;
				SDKROOT = iphoneos;
				TARGETED_DEVICE_FAMILY = "1,2";
			};
			name = Debug;
		};
		D34C17DF1C948F5800D69BCA /* Release */ = {
			isa = XCBuildConfiguration;
			buildSettings = {
				ALWAYS_SEARCH_USER_PATHS = NO;
				CLANG_CXX_LANGUAGE_STANDARD = "gnu++0x";
				CLANG_CXX_LIBRARY = "libc++";
				CLANG_ENABLE_MODULES = YES;
				CLANG_ENABLE_OBJC_ARC = YES;
				CLANG_WARN_BLOCK_CAPTURE_AUTORELEASING = YES;
				CLANG_WARN_BOOL_CONVERSION = YES;
				CLANG_WARN_COMMA = YES;
				CLANG_WARN_CONSTANT_CONVERSION = YES;
				CLANG_WARN_DEPRECATED_OBJC_IMPLEMENTATIONS = YES;
				CLANG_WARN_DIRECT_OBJC_ISA_USAGE = YES_ERROR;
				CLANG_WARN_EMPTY_BODY = YES;
				CLANG_WARN_ENUM_CONVERSION = YES;
				CLANG_WARN_INFINITE_RECURSION = YES;
				CLANG_WARN_INT_CONVERSION = YES;
				CLANG_WARN_NON_LITERAL_NULL_CONVERSION = YES;
				CLANG_WARN_OBJC_IMPLICIT_RETAIN_SELF = NO;
				CLANG_WARN_OBJC_LITERAL_CONVERSION = YES;
				CLANG_WARN_OBJC_ROOT_CLASS = YES_ERROR;
				CLANG_WARN_QUOTED_INCLUDE_IN_FRAMEWORK_HEADER = NO;
				CLANG_WARN_RANGE_LOOP_ANALYSIS = YES;
				CLANG_WARN_STRICT_PROTOTYPES = YES;
				CLANG_WARN_SUSPICIOUS_MOVE = YES;
				CLANG_WARN_UNREACHABLE_CODE = YES;
				CLANG_WARN__DUPLICATE_METHOD_MATCH = YES;
				"CODE_SIGN_IDENTITY[sdk=iphoneos*]" = "iPhone Developer";
				COMPRESS_PNG_FILES = NO;
				COPY_PHASE_STRIP = YES;
				DEBUG_INFORMATION_FORMAT = "dwarf-with-dsym";
				ENABLE_BITCODE = NO;
				ENABLE_NS_ASSERTIONS = NO;
				ENABLE_STRICT_OBJC_MSGSEND = YES;
				GCC_C_LANGUAGE_STANDARD = gnu99;
				GCC_NO_COMMON_BLOCKS = YES;
				GCC_WARN_64_TO_32_BIT_CONVERSION = YES;
				GCC_WARN_ABOUT_RETURN_TYPE = YES_ERROR;
				GCC_WARN_UNDECLARED_SELECTOR = YES;
				GCC_WARN_UNINITIALIZED_AUTOS = YES_AGGRESSIVE;
				GCC_WARN_UNUSED_FUNCTION = YES;
				GCC_WARN_UNUSED_VARIABLE = YES;
				HEADER_SEARCH_PATHS = "$(inherited)";
				IPHONEOS_DEPLOYMENT_TARGET = 12.0;
				LIBRARY_SEARCH_PATHS = (
					"\"$(SRCROOT)/\"",
					"\"$(SRCROOT)/google/cloud/speech/v1\"",
					"$(inherited)",
				);
				MTL_ENABLE_DEBUG_INFO = NO;
				SDKROOT = iphoneos;
				SWIFT_COMPILATION_MODE = "";
				TARGETED_DEVICE_FAMILY = "1,2";
				VALIDATE_PRODUCT = YES;
			};
			name = Release;
		};
		D34C17E11C948F5800D69BCA /* Debug */ = {
			isa = XCBuildConfiguration;
			baseConfigurationReference = 4A9721C02DC1D460E02043CD /* Pods-Embla.debug.xcconfig */;
			buildSettings = {
				ALWAYS_EMBED_SWIFT_STANDARD_LIBRARIES = NO;
				ASSETCATALOG_COMPILER_APPICON_NAME = AppIcon;
				CLANG_ENABLE_MODULES = YES;
				DEFINES_MODULE = YES;
				DEVELOPMENT_TEAM = XT9WMG6U47;
				FRAMEWORK_SEARCH_PATHS = (
					"$(inherited)",
					"$(PROJECT_DIR)/OpenEars",
					"$(PROJECT_DIR)",
					"$(PROJECT_DIR)/Snowboy",
				);
				"HEADER_SEARCH_PATHS[arch=*]" = (
					"$(inherited)",
					"\"${PODS_ROOT}/Headers/Public\"",
					"\"${PODS_ROOT}/Headers/Public/!ProtoCompiler\"",
					"\"${PODS_ROOT}/Headers/Public/!ProtoCompiler-gRPCPlugin\"",
					"\"$(SRCROOT)/\"",
				);
				INFOPLIST_FILE = Embla/Info.plist;
				IPHONEOS_DEPLOYMENT_TARGET = 12.0;
				LD_RUNPATH_SEARCH_PATHS = (
					"$(inherited)",
					"@executable_path/Frameworks",
				);
				LIBRARY_SEARCH_PATHS = (
					"\"$(SRCROOT)/\"",
					"$(inherited)",
					"$(PROJECT_DIR)/Snowboy",
				);
				MARKETING_VERSION = 1.1.0;
				MODULEMAP_FILE = module.modulemap;
				PRODUCT_BUNDLE_IDENTIFIER = is.mideind.Embla;
				PRODUCT_NAME = "$(TARGET_NAME)";
				SWIFT_OBJC_BRIDGING_HEADER = "";
				SWIFT_OPTIMIZATION_LEVEL = "-Onone";
				SWIFT_VERSION = "";
				TARGETED_DEVICE_FAMILY = 1;
			};
			name = Debug;
		};
		D34C17E21C948F5800D69BCA /* Release */ = {
			isa = XCBuildConfiguration;
			baseConfigurationReference = E041B89B0C5D1AED806E3D47 /* Pods-Embla.release.xcconfig */;
			buildSettings = {
				ALWAYS_EMBED_SWIFT_STANDARD_LIBRARIES = NO;
				ASSETCATALOG_COMPILER_APPICON_NAME = AppIcon;
				CLANG_ENABLE_MODULES = YES;
				DEFINES_MODULE = YES;
				DEVELOPMENT_TEAM = XT9WMG6U47;
				FRAMEWORK_SEARCH_PATHS = (
					"$(inherited)",
					"$(PROJECT_DIR)/OpenEars",
					"$(PROJECT_DIR)",
					"$(PROJECT_DIR)/Snowboy",
				);
				HEADER_SEARCH_PATHS = (
					"$(inherited)",
					"\"${PODS_ROOT}/Headers/Public\"",
					"\"${PODS_ROOT}/Headers/Public/AFNetworking\"",
					"\"${PODS_ROOT}/Headers/Public/BoringSSL-GRPC\"",
					"\"${PODS_ROOT}/Headers/Public/Protobuf\"",
					"\"${PODS_ROOT}/Headers/Public/Reachability\"",
					"\"${PODS_ROOT}/Headers/Public/YYImage\"",
					"\"${PODS_ROOT}/Headers/Public/abseil\"",
					"\"${PODS_ROOT}/Headers/Public/gRPC\"",
					"\"${PODS_ROOT}/Headers/Public/gRPC-Core\"",
					"\"${PODS_ROOT}/Headers/Public/gRPC-ProtoRPC\"",
					"\"${PODS_ROOT}/Headers/Public/gRPC-RxLibrary\"",
					"\"${PODS_ROOT}/Headers/Public/googleapis\"",
				);
				INFOPLIST_FILE = Embla/Info.plist;
				IPHONEOS_DEPLOYMENT_TARGET = 12.0;
				LD_RUNPATH_SEARCH_PATHS = (
					"$(inherited)",
					"@executable_path/Frameworks",
				);
				LIBRARY_SEARCH_PATHS = (
					"\"$(SRCROOT)/\"",
					"$(inherited)",
					"$(PROJECT_DIR)/Snowboy",
				);
				MARKETING_VERSION = 1.1.0;
				MODULEMAP_FILE = module.modulemap;
				PRODUCT_BUNDLE_IDENTIFIER = is.mideind.Embla;
				PRODUCT_NAME = "$(TARGET_NAME)";
				SWIFT_OBJC_BRIDGING_HEADER = "";
				SWIFT_VERSION = "";
				TARGETED_DEVICE_FAMILY = 1;
			};
			name = Release;
		};
/* End XCBuildConfiguration section */

/* Begin XCConfigurationList section */
		D34C17C41C948F5700D69BCA /* Build configuration list for PBXProject "Embla" */ = {
			isa = XCConfigurationList;
			buildConfigurations = (
				D34C17DE1C948F5800D69BCA /* Debug */,
				D34C17DF1C948F5800D69BCA /* Release */,
			);
			defaultConfigurationIsVisible = 0;
			defaultConfigurationName = Debug;
		};
		D34C17E01C948F5800D69BCA /* Build configuration list for PBXNativeTarget "Embla" */ = {
			isa = XCConfigurationList;
			buildConfigurations = (
				D34C17E11C948F5800D69BCA /* Debug */,
				D34C17E21C948F5800D69BCA /* Release */,
			);
			defaultConfigurationIsVisible = 0;
			defaultConfigurationName = Debug;
		};
/* End XCConfigurationList section */
	};
	rootObject = D34C17C11C948F5700D69BCA /* Project object */;
}
