// !$*UTF8*$!
{
	archiveVersion = 1;
	classes = {
	};
	objectVersion = 51;
	objects = {

/* Begin PBXBuildFile section */
		0C35C1D0057789BFCE789E42 /* libPods-Embla.a in Frameworks */ = {isa = PBXBuildFile; fileRef = C480A8697C218071EDA11AB0 /* libPods-Embla.a */; };
		D34C17CE1C948F5700D69BCA /* main.m in Sources */ = {isa = PBXBuildFile; fileRef = D34C17CD1C948F5700D69BCA /* main.m */; };
		D34C17D11C948F5700D69BCA /* AppDelegate.m in Sources */ = {isa = PBXBuildFile; fileRef = D34C17D01C948F5700D69BCA /* AppDelegate.m */; };
		D34C17D91C948F5800D69BCA /* Assets.xcassets in Resources */ = {isa = PBXBuildFile; fileRef = D34C17D81C948F5800D69BCA /* Assets.xcassets */; };
		D34C17DC1C948F5800D69BCA /* LaunchScreen.storyboard in Resources */ = {isa = PBXBuildFile; fileRef = D34C17DA1C948F5800D69BCA /* LaunchScreen.storyboard */; };
		D379BE381C99FEC70049D06F /* AudioRecordingController.m in Sources */ = {isa = PBXBuildFile; fileRef = D379BE371C99FEC70049D06F /* AudioRecordingController.m */; };
		D392D9861C94937D002F5132 /* Main.storyboard in Resources */ = {isa = PBXBuildFile; fileRef = D392D9851C94937D002F5132 /* Main.storyboard */; };
		D392D9891C94938F002F5132 /* MainViewController.m in Sources */ = {isa = PBXBuildFile; fileRef = D392D9881C94938F002F5132 /* MainViewController.m */; };
		D3FFBC371C96208B00268A5F /* SpeechRecognitionService.m in Sources */ = {isa = PBXBuildFile; fileRef = D3FFBC361C96208B00268A5F /* SpeechRecognitionService.m */; };
		F40B12562343908F00CBE9B4 /* WebKit.framework in Frameworks */ = {isa = PBXBuildFile; fileRef = F40B12552343908F00CBE9B4 /* WebKit.framework */; };
		F427692422C1218A00BB6977 /* SettingsViewController.m in Sources */ = {isa = PBXBuildFile; fileRef = F427692322C1218A00BB6977 /* SettingsViewController.m */; };
		F427692722C1219A00BB6977 /* WebViewController.m in Sources */ = {isa = PBXBuildFile; fileRef = F427692622C1219A00BB6977 /* WebViewController.m */; };
		F427692C22C122F300BB6977 /* dunno-dora.caf in Resources */ = {isa = PBXBuildFile; fileRef = F427692922C122F200BB6977 /* dunno-dora.caf */; };
		F427692D22C122F300BB6977 /* rec_begin.caf in Resources */ = {isa = PBXBuildFile; fileRef = F427692A22C122F200BB6977 /* rec_begin.caf */; };
		F427692E22C122F300BB6977 /* conn-dora.caf in Resources */ = {isa = PBXBuildFile; fileRef = F427692B22C122F200BB6977 /* conn-dora.caf */; };
		F4430DB822F0AB8800AE64C4 /* err-karl.caf in Resources */ = {isa = PBXBuildFile; fileRef = F4430DB522F0AB8800AE64C4 /* err-karl.caf */; };
		F4430DB922F0AB8800AE64C4 /* conn-karl.caf in Resources */ = {isa = PBXBuildFile; fileRef = F4430DB622F0AB8800AE64C4 /* conn-karl.caf */; };
		F4430DBA22F0AB8800AE64C4 /* dunno-karl.caf in Resources */ = {isa = PBXBuildFile; fileRef = F4430DB722F0AB8800AE64C4 /* dunno-karl.caf */; };
		F4482F2C22B930530050148E /* CoreLocation.framework in Frameworks */ = {isa = PBXBuildFile; fileRef = F4482F2B22B930530050148E /* CoreLocation.framework */; };
		F454EE322357A90D003C2715 /* OnboardingViewController.m in Sources */ = {isa = PBXBuildFile; fileRef = F454EE312357A90D003C2715 /* OnboardingViewController.m */; };
		F469639622C26F3600645F69 /* rec_cancel.caf in Resources */ = {isa = PBXBuildFile; fileRef = F469639522C26F2F00645F69 /* rec_cancel.caf */; };
		F469639722C26F3600645F69 /* rec_confirm.caf in Resources */ = {isa = PBXBuildFile; fileRef = F469639422C26F2F00645F69 /* rec_confirm.caf */; };
		F469639A22C5086700645F69 /* QuerySession.m in Sources */ = {isa = PBXBuildFile; fileRef = F469639922C5086700645F69 /* QuerySession.m */; };
		F469639C22CE3AE700645F69 /* err-dora.caf in Resources */ = {isa = PBXBuildFile; fileRef = F469639B22CE3AE600645F69 /* err-dora.caf */; };
		F47D200B236C9D0000E4DB6A /* Onboarding.storyboard in Resources */ = {isa = PBXBuildFile; fileRef = F47D200A236C9D0000E4DB6A /* Onboarding.storyboard */; };
		F47D200E2370880900E4DB6A /* UIColor+Hex.m in Sources */ = {isa = PBXBuildFile; fileRef = F47D200C2370880800E4DB6A /* UIColor+Hex.m */; };
		F47D20792371B83000E4DB6A /* EMBLA_256px_00002.png in Resources */ = {isa = PBXBuildFile; fileRef = F47D20152371B82F00E4DB6A /* EMBLA_256px_00002.png */; };
		F47D207A2371B83000E4DB6A /* EMBLA_256px_00016.png in Resources */ = {isa = PBXBuildFile; fileRef = F47D20162371B82F00E4DB6A /* EMBLA_256px_00016.png */; };
		F47D207B2371B83000E4DB6A /* EMBLA_256px_00017.png in Resources */ = {isa = PBXBuildFile; fileRef = F47D20172371B82F00E4DB6A /* EMBLA_256px_00017.png */; };
		F47D207C2371B83000E4DB6A /* EMBLA_256px_00003.png in Resources */ = {isa = PBXBuildFile; fileRef = F47D20182371B82F00E4DB6A /* EMBLA_256px_00003.png */; };
		F47D207D2371B83000E4DB6A /* EMBLA_256px_00029.png in Resources */ = {isa = PBXBuildFile; fileRef = F47D20192371B82F00E4DB6A /* EMBLA_256px_00029.png */; };
		F47D207E2371B83000E4DB6A /* EMBLA_256px_00015.png in Resources */ = {isa = PBXBuildFile; fileRef = F47D201A2371B82F00E4DB6A /* EMBLA_256px_00015.png */; };
		F47D207F2371B83000E4DB6A /* EMBLA_256px_00001.png in Resources */ = {isa = PBXBuildFile; fileRef = F47D201B2371B82F00E4DB6A /* EMBLA_256px_00001.png */; };
		F47D20802371B83000E4DB6A /* EMBLA_256px_00000.png in Resources */ = {isa = PBXBuildFile; fileRef = F47D201C2371B82F00E4DB6A /* EMBLA_256px_00000.png */; };
		F47D20812371B83000E4DB6A /* EMBLA_256px_00014.png in Resources */ = {isa = PBXBuildFile; fileRef = F47D201D2371B82F00E4DB6A /* EMBLA_256px_00014.png */; };
		F47D20822371B83000E4DB6A /* EMBLA_256px_00028.png in Resources */ = {isa = PBXBuildFile; fileRef = F47D201E2371B82F00E4DB6A /* EMBLA_256px_00028.png */; };
		F47D20832371B83000E4DB6A /* EMBLA_256px_00010.png in Resources */ = {isa = PBXBuildFile; fileRef = F47D201F2371B82F00E4DB6A /* EMBLA_256px_00010.png */; };
		F47D20842371B83000E4DB6A /* EMBLA_256px_00004.png in Resources */ = {isa = PBXBuildFile; fileRef = F47D20202371B82F00E4DB6A /* EMBLA_256px_00004.png */; };
		F47D20852371B83000E4DB6A /* EMBLA_256px_00038.png in Resources */ = {isa = PBXBuildFile; fileRef = F47D20212371B82F00E4DB6A /* EMBLA_256px_00038.png */; };
		F47D20862371B83000E4DB6A /* EMBLA_256px_00039.png in Resources */ = {isa = PBXBuildFile; fileRef = F47D20222371B82F00E4DB6A /* EMBLA_256px_00039.png */; };
		F47D20872371B83000E4DB6A /* EMBLA_256px_00005.png in Resources */ = {isa = PBXBuildFile; fileRef = F47D20232371B82F00E4DB6A /* EMBLA_256px_00005.png */; };
		F47D20882371B83000E4DB6A /* EMBLA_256px_00011.png in Resources */ = {isa = PBXBuildFile; fileRef = F47D20242371B82F00E4DB6A /* EMBLA_256px_00011.png */; };
		F47D20892371B83000E4DB6A /* EMBLA_256px_00007.png in Resources */ = {isa = PBXBuildFile; fileRef = F47D20252371B82F00E4DB6A /* EMBLA_256px_00007.png */; };
		F47D208A2371B83000E4DB6A /* EMBLA_256px_00013.png in Resources */ = {isa = PBXBuildFile; fileRef = F47D20262371B82F00E4DB6A /* EMBLA_256px_00013.png */; };
		F47D208B2371B83000E4DB6A /* EMBLA_256px_00012.png in Resources */ = {isa = PBXBuildFile; fileRef = F47D20272371B82F00E4DB6A /* EMBLA_256px_00012.png */; };
		F47D208C2371B83000E4DB6A /* EMBLA_256px_00006.png in Resources */ = {isa = PBXBuildFile; fileRef = F47D20282371B82F00E4DB6A /* EMBLA_256px_00006.png */; };
		F47D208D2371B83000E4DB6A /* EMBLA_256px_00049.png in Resources */ = {isa = PBXBuildFile; fileRef = F47D20292371B82F00E4DB6A /* EMBLA_256px_00049.png */; };
		F47D208E2371B83000E4DB6A /* EMBLA_256px_00061.png in Resources */ = {isa = PBXBuildFile; fileRef = F47D202A2371B82F00E4DB6A /* EMBLA_256px_00061.png */; };
		F47D208F2371B83000E4DB6A /* EMBLA_256px_00075.png in Resources */ = {isa = PBXBuildFile; fileRef = F47D202B2371B82F00E4DB6A /* EMBLA_256px_00075.png */; };
		F47D20902371B83000E4DB6A /* EMBLA_256px_00074.png in Resources */ = {isa = PBXBuildFile; fileRef = F47D202C2371B82F00E4DB6A /* EMBLA_256px_00074.png */; };
		F47D20912371B83000E4DB6A /* EMBLA_256px_00060.png in Resources */ = {isa = PBXBuildFile; fileRef = F47D202D2371B82F00E4DB6A /* EMBLA_256px_00060.png */; };
		F47D20922371B83000E4DB6A /* EMBLA_256px_00048.png in Resources */ = {isa = PBXBuildFile; fileRef = F47D202E2371B82F00E4DB6A /* EMBLA_256px_00048.png */; };
		F47D20932371B83000E4DB6A /* EMBLA_256px_00089.png in Resources */ = {isa = PBXBuildFile; fileRef = F47D202F2371B82F00E4DB6A /* EMBLA_256px_00089.png */; };
		F47D20942371B83000E4DB6A /* EMBLA_256px_00076.png in Resources */ = {isa = PBXBuildFile; fileRef = F47D20302371B82F00E4DB6A /* EMBLA_256px_00076.png */; };
		F47D20952371B83000E4DB6A /* EMBLA_256px_00062.png in Resources */ = {isa = PBXBuildFile; fileRef = F47D20312371B82F00E4DB6A /* EMBLA_256px_00062.png */; };
		F47D20962371B83000E4DB6A /* EMBLA_256px_00063.png in Resources */ = {isa = PBXBuildFile; fileRef = F47D20322371B82F00E4DB6A /* EMBLA_256px_00063.png */; };
		F47D20972371B83000E4DB6A /* EMBLA_256px_00077.png in Resources */ = {isa = PBXBuildFile; fileRef = F47D20332371B82F00E4DB6A /* EMBLA_256px_00077.png */; };
		F47D20982371B83000E4DB6A /* EMBLA_256px_00088.png in Resources */ = {isa = PBXBuildFile; fileRef = F47D20342371B82F00E4DB6A /* EMBLA_256px_00088.png */; };
		F47D20992371B83000E4DB6A /* EMBLA_256px_00098.png in Resources */ = {isa = PBXBuildFile; fileRef = F47D20352371B82F00E4DB6A /* EMBLA_256px_00098.png */; };
		F47D209A2371B83000E4DB6A /* EMBLA_256px_00073.png in Resources */ = {isa = PBXBuildFile; fileRef = F47D20362371B82F00E4DB6A /* EMBLA_256px_00073.png */; };
		F47D209B2371B83000E4DB6A /* EMBLA_256px_00067.png in Resources */ = {isa = PBXBuildFile; fileRef = F47D20372371B82F00E4DB6A /* EMBLA_256px_00067.png */; };
		F47D209C2371B83000E4DB6A /* EMBLA_256px_00066.png in Resources */ = {isa = PBXBuildFile; fileRef = F47D20382371B82F00E4DB6A /* EMBLA_256px_00066.png */; };
		F47D209D2371B83000E4DB6A /* EMBLA_256px_00072.png in Resources */ = {isa = PBXBuildFile; fileRef = F47D20392371B82F00E4DB6A /* EMBLA_256px_00072.png */; };
		F47D209E2371B83000E4DB6A /* EMBLA_256px_00099.png in Resources */ = {isa = PBXBuildFile; fileRef = F47D203A2371B82F00E4DB6A /* EMBLA_256px_00099.png */; };
		F47D209F2371B83000E4DB6A /* EMBLA_256px_00064.png in Resources */ = {isa = PBXBuildFile; fileRef = F47D203B2371B82F00E4DB6A /* EMBLA_256px_00064.png */; };
		F47D20A02371B83000E4DB6A /* EMBLA_256px_00070.png in Resources */ = {isa = PBXBuildFile; fileRef = F47D203C2371B82F00E4DB6A /* EMBLA_256px_00070.png */; };
		F47D20A12371B83000E4DB6A /* EMBLA_256px_00058.png in Resources */ = {isa = PBXBuildFile; fileRef = F47D203D2371B82F00E4DB6A /* EMBLA_256px_00058.png */; };
		F47D20A22371B83000E4DB6A /* EMBLA_256px_00059.png in Resources */ = {isa = PBXBuildFile; fileRef = F47D203E2371B82F00E4DB6A /* EMBLA_256px_00059.png */; };
		F47D20A32371B83000E4DB6A /* EMBLA_256px_00071.png in Resources */ = {isa = PBXBuildFile; fileRef = F47D203F2371B82F00E4DB6A /* EMBLA_256px_00071.png */; };
		F47D20A42371B83000E4DB6A /* EMBLA_256px_00065.png in Resources */ = {isa = PBXBuildFile; fileRef = F47D20402371B82F00E4DB6A /* EMBLA_256px_00065.png */; };
		F47D20A52371B83000E4DB6A /* EMBLA_256px_00083.png in Resources */ = {isa = PBXBuildFile; fileRef = F47D20412371B82F00E4DB6A /* EMBLA_256px_00083.png */; };
		F47D20A62371B83000E4DB6A /* EMBLA_256px_00097.png in Resources */ = {isa = PBXBuildFile; fileRef = F47D20422371B82F00E4DB6A /* EMBLA_256px_00097.png */; };
		F47D20A72371B83000E4DB6A /* EMBLA_256px_00068.png in Resources */ = {isa = PBXBuildFile; fileRef = F47D20432371B82F00E4DB6A /* EMBLA_256px_00068.png */; };
		F47D20A82371B83000E4DB6A /* EMBLA_256px_00040.png in Resources */ = {isa = PBXBuildFile; fileRef = F47D20442371B82F00E4DB6A /* EMBLA_256px_00040.png */; };
		F47D20A92371B83000E4DB6A /* EMBLA_256px_00054.png in Resources */ = {isa = PBXBuildFile; fileRef = F47D20452371B82F00E4DB6A /* EMBLA_256px_00054.png */; };
		F47D20AA2371B83000E4DB6A /* EMBLA_256px_00055.png in Resources */ = {isa = PBXBuildFile; fileRef = F47D20462371B82F00E4DB6A /* EMBLA_256px_00055.png */; };
		F47D20AB2371B83000E4DB6A /* EMBLA_256px_00041.png in Resources */ = {isa = PBXBuildFile; fileRef = F47D20472371B82F00E4DB6A /* EMBLA_256px_00041.png */; };
		F47D20AC2371B83000E4DB6A /* EMBLA_256px_00069.png in Resources */ = {isa = PBXBuildFile; fileRef = F47D20482371B82F00E4DB6A /* EMBLA_256px_00069.png */; };
		F47D20AD2371B83000E4DB6A /* EMBLA_256px_00096.png in Resources */ = {isa = PBXBuildFile; fileRef = F47D20492371B82F00E4DB6A /* EMBLA_256px_00096.png */; };
		F47D20AE2371B83000E4DB6A /* EMBLA_256px_00082.png in Resources */ = {isa = PBXBuildFile; fileRef = F47D204A2371B82F00E4DB6A /* EMBLA_256px_00082.png */; };
		F47D20AF2371B83000E4DB6A /* EMBLA_256px_00094.png in Resources */ = {isa = PBXBuildFile; fileRef = F47D204B2371B82F00E4DB6A /* EMBLA_256px_00094.png */; };
		F47D20B02371B83000E4DB6A /* EMBLA_256px_00080.png in Resources */ = {isa = PBXBuildFile; fileRef = F47D204C2371B82F00E4DB6A /* EMBLA_256px_00080.png */; };
		F47D20B12371B83000E4DB6A /* EMBLA_256px_00057.png in Resources */ = {isa = PBXBuildFile; fileRef = F47D204D2371B82F00E4DB6A /* EMBLA_256px_00057.png */; };
		F47D20B22371B83000E4DB6A /* EMBLA_256px_00043.png in Resources */ = {isa = PBXBuildFile; fileRef = F47D204E2371B82F00E4DB6A /* EMBLA_256px_00043.png */; };
		F47D20B32371B83000E4DB6A /* EMBLA_256px_00042.png in Resources */ = {isa = PBXBuildFile; fileRef = F47D204F2371B82F00E4DB6A /* EMBLA_256px_00042.png */; };
		F47D20B42371B83000E4DB6A /* EMBLA_256px_00056.png in Resources */ = {isa = PBXBuildFile; fileRef = F47D20502371B82F00E4DB6A /* EMBLA_256px_00056.png */; };
		F47D20B52371B83000E4DB6A /* EMBLA_256px_00081.png in Resources */ = {isa = PBXBuildFile; fileRef = F47D20512371B82F00E4DB6A /* EMBLA_256px_00081.png */; };
		F47D20B62371B83000E4DB6A /* EMBLA_256px_00095.png in Resources */ = {isa = PBXBuildFile; fileRef = F47D20522371B82F00E4DB6A /* EMBLA_256px_00095.png */; };
		F47D20B72371B83000E4DB6A /* EMBLA_256px_00091.png in Resources */ = {isa = PBXBuildFile; fileRef = F47D20532371B82F00E4DB6A /* EMBLA_256px_00091.png */; };
		F47D20B82371B83000E4DB6A /* EMBLA_256px_00085.png in Resources */ = {isa = PBXBuildFile; fileRef = F47D20542371B82F00E4DB6A /* EMBLA_256px_00085.png */; };
		F47D20B92371B83000E4DB6A /* EMBLA_256px_00052.png in Resources */ = {isa = PBXBuildFile; fileRef = F47D20552371B82F00E4DB6A /* EMBLA_256px_00052.png */; };
		F47D20BA2371B83000E4DB6A /* EMBLA_256px_00046.png in Resources */ = {isa = PBXBuildFile; fileRef = F47D20562371B82F00E4DB6A /* EMBLA_256px_00046.png */; };
		F47D20BB2371B83000E4DB6A /* EMBLA_256px_00047.png in Resources */ = {isa = PBXBuildFile; fileRef = F47D20572371B82F00E4DB6A /* EMBLA_256px_00047.png */; };
		F47D20BC2371B83000E4DB6A /* EMBLA_256px_00053.png in Resources */ = {isa = PBXBuildFile; fileRef = F47D20582371B82F00E4DB6A /* EMBLA_256px_00053.png */; };
		F47D20BD2371B83000E4DB6A /* EMBLA_256px_00084.png in Resources */ = {isa = PBXBuildFile; fileRef = F47D20592371B82F00E4DB6A /* EMBLA_256px_00084.png */; };
		F47D20BE2371B83000E4DB6A /* EMBLA_256px_00090.png in Resources */ = {isa = PBXBuildFile; fileRef = F47D205A2371B82F00E4DB6A /* EMBLA_256px_00090.png */; };
		F47D20BF2371B83000E4DB6A /* EMBLA_256px_00086.png in Resources */ = {isa = PBXBuildFile; fileRef = F47D205B2371B82F00E4DB6A /* EMBLA_256px_00086.png */; };
		F47D20C02371B83000E4DB6A /* EMBLA_256px_00092.png in Resources */ = {isa = PBXBuildFile; fileRef = F47D205C2371B82F00E4DB6A /* EMBLA_256px_00092.png */; };
		F47D20C12371B83000E4DB6A /* EMBLA_256px_00045.png in Resources */ = {isa = PBXBuildFile; fileRef = F47D205D2371B82F00E4DB6A /* EMBLA_256px_00045.png */; };
		F47D20C22371B83000E4DB6A /* EMBLA_256px_00051.png in Resources */ = {isa = PBXBuildFile; fileRef = F47D205E2371B82F00E4DB6A /* EMBLA_256px_00051.png */; };
		F47D20C32371B83000E4DB6A /* EMBLA_256px_00079.png in Resources */ = {isa = PBXBuildFile; fileRef = F47D205F2371B82F00E4DB6A /* EMBLA_256px_00079.png */; };
		F47D20C42371B83000E4DB6A /* EMBLA_256px_00078.png in Resources */ = {isa = PBXBuildFile; fileRef = F47D20602371B82F00E4DB6A /* EMBLA_256px_00078.png */; };
		F47D20C52371B83000E4DB6A /* EMBLA_256px_00050.png in Resources */ = {isa = PBXBuildFile; fileRef = F47D20612371B82F00E4DB6A /* EMBLA_256px_00050.png */; };
		F47D20C62371B83000E4DB6A /* EMBLA_256px_00044.png in Resources */ = {isa = PBXBuildFile; fileRef = F47D20622371B82F00E4DB6A /* EMBLA_256px_00044.png */; };
		F47D20C72371B83000E4DB6A /* EMBLA_256px_00093.png in Resources */ = {isa = PBXBuildFile; fileRef = F47D20632371B82F00E4DB6A /* EMBLA_256px_00093.png */; };
		F47D20C82371B83000E4DB6A /* EMBLA_256px_00087.png in Resources */ = {isa = PBXBuildFile; fileRef = F47D20642371B82F00E4DB6A /* EMBLA_256px_00087.png */; };
		F47D20C92371B83000E4DB6A /* EMBLA_256px_00023.png in Resources */ = {isa = PBXBuildFile; fileRef = F47D20652371B82F00E4DB6A /* EMBLA_256px_00023.png */; };
		F47D20CA2371B83000E4DB6A /* EMBLA_256px_00037.png in Resources */ = {isa = PBXBuildFile; fileRef = F47D20662371B82F00E4DB6A /* EMBLA_256px_00037.png */; };
		F47D20CB2371B83000E4DB6A /* EMBLA_256px_00036.png in Resources */ = {isa = PBXBuildFile; fileRef = F47D20672371B82F00E4DB6A /* EMBLA_256px_00036.png */; };
		F47D20CC2371B83000E4DB6A /* EMBLA_256px_00022.png in Resources */ = {isa = PBXBuildFile; fileRef = F47D20682371B82F00E4DB6A /* EMBLA_256px_00022.png */; };
		F47D20CD2371B83000E4DB6A /* EMBLA_256px_00008.png in Resources */ = {isa = PBXBuildFile; fileRef = F47D20692371B82F00E4DB6A /* EMBLA_256px_00008.png */; };
		F47D20CE2371B83000E4DB6A /* EMBLA_256px_00034.png in Resources */ = {isa = PBXBuildFile; fileRef = F47D206A2371B82F00E4DB6A /* EMBLA_256px_00034.png */; };
		F47D20CF2371B83000E4DB6A /* EMBLA_256px_00020.png in Resources */ = {isa = PBXBuildFile; fileRef = F47D206B2371B82F00E4DB6A /* EMBLA_256px_00020.png */; };
		F47D20D02371B83000E4DB6A /* EMBLA_256px_00021.png in Resources */ = {isa = PBXBuildFile; fileRef = F47D206C2371B82F00E4DB6A /* EMBLA_256px_00021.png */; };
		F47D20D12371B83000E4DB6A /* EMBLA_256px_00035.png in Resources */ = {isa = PBXBuildFile; fileRef = F47D206D2371B82F00E4DB6A /* EMBLA_256px_00035.png */; };
		F47D20D22371B83000E4DB6A /* EMBLA_256px_00009.png in Resources */ = {isa = PBXBuildFile; fileRef = F47D206E2371B82F00E4DB6A /* EMBLA_256px_00009.png */; };
		F47D20D32371B83000E4DB6A /* EMBLA_256px_00031.png in Resources */ = {isa = PBXBuildFile; fileRef = F47D206F2371B82F00E4DB6A /* EMBLA_256px_00031.png */; };
		F47D20D42371B83000E4DB6A /* EMBLA_256px_00025.png in Resources */ = {isa = PBXBuildFile; fileRef = F47D20702371B82F00E4DB6A /* EMBLA_256px_00025.png */; };
		F47D20D52371B83000E4DB6A /* EMBLA_256px_00019.png in Resources */ = {isa = PBXBuildFile; fileRef = F47D20712371B82F00E4DB6A /* EMBLA_256px_00019.png */; };
		F47D20D62371B83000E4DB6A /* EMBLA_256px_00018.png in Resources */ = {isa = PBXBuildFile; fileRef = F47D20722371B82F00E4DB6A /* EMBLA_256px_00018.png */; };
		F47D20D72371B83000E4DB6A /* EMBLA_256px_00024.png in Resources */ = {isa = PBXBuildFile; fileRef = F47D20732371B82F00E4DB6A /* EMBLA_256px_00024.png */; };
		F47D20D82371B83000E4DB6A /* EMBLA_256px_00030.png in Resources */ = {isa = PBXBuildFile; fileRef = F47D20742371B82F00E4DB6A /* EMBLA_256px_00030.png */; };
		F47D20D92371B83000E4DB6A /* EMBLA_256px_00026.png in Resources */ = {isa = PBXBuildFile; fileRef = F47D20752371B82F00E4DB6A /* EMBLA_256px_00026.png */; };
		F47D20DA2371B83000E4DB6A /* EMBLA_256px_00032.png in Resources */ = {isa = PBXBuildFile; fileRef = F47D20762371B82F00E4DB6A /* EMBLA_256px_00032.png */; };
		F47D20DB2371B83000E4DB6A /* EMBLA_256px_00033.png in Resources */ = {isa = PBXBuildFile; fileRef = F47D20772371B82F00E4DB6A /* EMBLA_256px_00033.png */; };
		F47D20DC2371B83000E4DB6A /* EMBLA_256px_00027.png in Resources */ = {isa = PBXBuildFile; fileRef = F47D20782371B82F00E4DB6A /* EMBLA_256px_00027.png */; };
		F492123122D4E4D200337AF8 /* SCSiriWaveformView.m in Sources */ = {isa = PBXBuildFile; fileRef = F492123022D4E4D200337AF8 /* SCSiriWaveformView.m */; };
		F492123522D61D5300337AF8 /* NSString+Additions.m in Sources */ = {isa = PBXBuildFile; fileRef = F492123422D61D5300337AF8 /* NSString+Additions.m */; };
		F4BBD1A9233A69A800B6A55A /* AcousticModelEnglish.bundle in Resources */ = {isa = PBXBuildFile; fileRef = F4BBD1A7233A69A700B6A55A /* AcousticModelEnglish.bundle */; };
		F4BBD1AA233A69A800B6A55A /* OpenEars.framework in Frameworks */ = {isa = PBXBuildFile; fileRef = F4BBD1A8233A69A700B6A55A /* OpenEars.framework */; };
		F4BBD1AD233A6A1100B6A55A /* ActivationListener.m in Sources */ = {isa = PBXBuildFile; fileRef = F4BBD1AC233A6A1100B6A55A /* ActivationListener.m */; };
		F4CDF6D0235F541E00E88CF6 /* Lato-Italic.ttf in Resources */ = {isa = PBXBuildFile; fileRef = F4CDF6CE235F541E00E88CF6 /* Lato-Italic.ttf */; };
		F4CDF6D1235F541E00E88CF6 /* Lato-Regular.ttf in Resources */ = {isa = PBXBuildFile; fileRef = F4CDF6CF235F541E00E88CF6 /* Lato-Regular.ttf */; };
		F4E160F922A977630019EDE7 /* QueryService.m in Sources */ = {isa = PBXBuildFile; fileRef = F4E160F822A977620019EDE7 /* QueryService.m */; };
		F4E7854A23676639004E29D1 /* AboutViewController.m in Sources */ = {isa = PBXBuildFile; fileRef = F4E7854923676639004E29D1 /* AboutViewController.m */; };
		F4E7854D236766E0004E29D1 /* PrivacyViewController.m in Sources */ = {isa = PBXBuildFile; fileRef = F4E7854C236766E0004E29D1 /* PrivacyViewController.m */; };
		F4E785502368BDEA004E29D1 /* SessionButton.m in Sources */ = {isa = PBXBuildFile; fileRef = F4E7854F2368BDEA004E29D1 /* SessionButton.m */; };
		F4E785592368FA9F004E29D1 /* Keys.c in Sources */ = {isa = PBXBuildFile; fileRef = F4E785572368FA88004E29D1 /* Keys.c */; };
		F4E7855E23690549004E29D1 /* about.html in Resources */ = {isa = PBXBuildFile; fileRef = F4E7855B23690273004E29D1 /* about.html */; };
		F4E7855F2369054C004E29D1 /* privacy.html in Resources */ = {isa = PBXBuildFile; fileRef = F4E7855D23690273004E29D1 /* privacy.html */; };
		F4E7856023690550004E29D1 /* style.css in Resources */ = {isa = PBXBuildFile; fileRef = F4E7855C23690273004E29D1 /* style.css */; };
/* End PBXBuildFile section */

/* Begin PBXFileReference section */
		4A9721C02DC1D460E02043CD /* Pods-Embla.debug.xcconfig */ = {isa = PBXFileReference; includeInIndex = 1; lastKnownFileType = text.xcconfig; name = "Pods-Embla.debug.xcconfig"; path = "Pods/Target Support Files/Pods-Embla/Pods-Embla.debug.xcconfig"; sourceTree = "<group>"; };
		6C682F8DD9C94E41979FE816 /* Pods.release.xcconfig */ = {isa = PBXFileReference; includeInIndex = 1; lastKnownFileType = text.xcconfig; name = Pods.release.xcconfig; path = "Pods/Target Support Files/Pods/Pods.release.xcconfig"; sourceTree = "<group>"; };
		C480A8697C218071EDA11AB0 /* libPods-Embla.a */ = {isa = PBXFileReference; explicitFileType = archive.ar; includeInIndex = 0; path = "libPods-Embla.a"; sourceTree = BUILT_PRODUCTS_DIR; };
		CECB645A36BDC7BD3FF6E417 /* Pods-Greynir.release.xcconfig */ = {isa = PBXFileReference; includeInIndex = 1; lastKnownFileType = text.xcconfig; name = "Pods-Greynir.release.xcconfig"; path = "Pods/Target Support Files/Pods-Greynir/Pods-Greynir.release.xcconfig"; sourceTree = "<group>"; };
		D34C17C91C948F5700D69BCA /* Embla.app */ = {isa = PBXFileReference; explicitFileType = wrapper.application; includeInIndex = 0; path = Embla.app; sourceTree = BUILT_PRODUCTS_DIR; };
		D34C17CD1C948F5700D69BCA /* main.m */ = {isa = PBXFileReference; lastKnownFileType = sourcecode.c.objc; path = main.m; sourceTree = "<group>"; };
		D34C17CF1C948F5700D69BCA /* AppDelegate.h */ = {isa = PBXFileReference; lastKnownFileType = sourcecode.c.h; path = AppDelegate.h; sourceTree = "<group>"; };
		D34C17D01C948F5700D69BCA /* AppDelegate.m */ = {isa = PBXFileReference; lastKnownFileType = sourcecode.c.objc; path = AppDelegate.m; sourceTree = "<group>"; };
		D34C17D81C948F5800D69BCA /* Assets.xcassets */ = {isa = PBXFileReference; lastKnownFileType = folder.assetcatalog; path = Assets.xcassets; sourceTree = "<group>"; };
		D34C17DB1C948F5800D69BCA /* Base */ = {isa = PBXFileReference; lastKnownFileType = file.storyboard; name = Base; path = Base.lproj/LaunchScreen.storyboard; sourceTree = "<group>"; };
		D34C17DD1C948F5800D69BCA /* Info.plist */ = {isa = PBXFileReference; lastKnownFileType = text.plist.xml; path = Info.plist; sourceTree = "<group>"; };
		D379BE361C99FEC70049D06F /* AudioRecordingController.h */ = {isa = PBXFileReference; fileEncoding = 4; lastKnownFileType = sourcecode.c.h; path = AudioRecordingController.h; sourceTree = "<group>"; };
		D379BE371C99FEC70049D06F /* AudioRecordingController.m */ = {isa = PBXFileReference; fileEncoding = 4; lastKnownFileType = sourcecode.c.objc; path = AudioRecordingController.m; sourceTree = "<group>"; };
		D392D9851C94937D002F5132 /* Main.storyboard */ = {isa = PBXFileReference; fileEncoding = 4; lastKnownFileType = file.storyboard; path = Main.storyboard; sourceTree = "<group>"; };
		D392D9871C94938F002F5132 /* MainViewController.h */ = {isa = PBXFileReference; fileEncoding = 4; lastKnownFileType = sourcecode.c.h; path = MainViewController.h; sourceTree = "<group>"; };
		D392D9881C94938F002F5132 /* MainViewController.m */ = {isa = PBXFileReference; fileEncoding = 4; lastKnownFileType = sourcecode.c.objc; path = MainViewController.m; sourceTree = "<group>"; };
		D3FFBC351C96208B00268A5F /* SpeechRecognitionService.h */ = {isa = PBXFileReference; fileEncoding = 4; lastKnownFileType = sourcecode.c.h; path = SpeechRecognitionService.h; sourceTree = "<group>"; };
		D3FFBC361C96208B00268A5F /* SpeechRecognitionService.m */ = {isa = PBXFileReference; fileEncoding = 4; lastKnownFileType = sourcecode.c.objc; path = SpeechRecognitionService.m; sourceTree = "<group>"; };
		E041B89B0C5D1AED806E3D47 /* Pods-Embla.release.xcconfig */ = {isa = PBXFileReference; includeInIndex = 1; lastKnownFileType = text.xcconfig; name = "Pods-Embla.release.xcconfig"; path = "Pods/Target Support Files/Pods-Embla/Pods-Embla.release.xcconfig"; sourceTree = "<group>"; };
		EBFF549A15D921031174FE01 /* Pods-Greynir.debug.xcconfig */ = {isa = PBXFileReference; includeInIndex = 1; lastKnownFileType = text.xcconfig; name = "Pods-Greynir.debug.xcconfig"; path = "Pods/Target Support Files/Pods-Greynir/Pods-Greynir.debug.xcconfig"; sourceTree = "<group>"; };
		F3215BCD5D87DFF7F2965B8A /* Pods.debug.xcconfig */ = {isa = PBXFileReference; includeInIndex = 1; lastKnownFileType = text.xcconfig; name = Pods.debug.xcconfig; path = "Pods/Target Support Files/Pods/Pods.debug.xcconfig"; sourceTree = "<group>"; };
		F40B12552343908F00CBE9B4 /* WebKit.framework */ = {isa = PBXFileReference; lastKnownFileType = wrapper.framework; name = WebKit.framework; path = System/Library/Frameworks/WebKit.framework; sourceTree = SDKROOT; };
		F427692222C1218A00BB6977 /* SettingsViewController.h */ = {isa = PBXFileReference; lastKnownFileType = sourcecode.c.h; path = SettingsViewController.h; sourceTree = "<group>"; };
		F427692322C1218A00BB6977 /* SettingsViewController.m */ = {isa = PBXFileReference; lastKnownFileType = sourcecode.c.objc; path = SettingsViewController.m; sourceTree = "<group>"; };
		F427692522C1219A00BB6977 /* WebViewController.h */ = {isa = PBXFileReference; lastKnownFileType = sourcecode.c.h; path = WebViewController.h; sourceTree = "<group>"; };
		F427692622C1219A00BB6977 /* WebViewController.m */ = {isa = PBXFileReference; lastKnownFileType = sourcecode.c.objc; path = WebViewController.m; sourceTree = "<group>"; };
		F427692922C122F200BB6977 /* dunno-dora.caf */ = {isa = PBXFileReference; lastKnownFileType = file; path = "dunno-dora.caf"; sourceTree = "<group>"; };
		F427692A22C122F200BB6977 /* rec_begin.caf */ = {isa = PBXFileReference; lastKnownFileType = file; path = rec_begin.caf; sourceTree = "<group>"; };
		F427692B22C122F200BB6977 /* conn-dora.caf */ = {isa = PBXFileReference; lastKnownFileType = file; path = "conn-dora.caf"; sourceTree = "<group>"; };
		F4430DB522F0AB8800AE64C4 /* err-karl.caf */ = {isa = PBXFileReference; lastKnownFileType = file; path = "err-karl.caf"; sourceTree = "<group>"; };
		F4430DB622F0AB8800AE64C4 /* conn-karl.caf */ = {isa = PBXFileReference; lastKnownFileType = file; path = "conn-karl.caf"; sourceTree = "<group>"; };
		F4430DB722F0AB8800AE64C4 /* dunno-karl.caf */ = {isa = PBXFileReference; lastKnownFileType = file; path = "dunno-karl.caf"; sourceTree = "<group>"; };
		F4482F2B22B930530050148E /* CoreLocation.framework */ = {isa = PBXFileReference; lastKnownFileType = wrapper.framework; name = CoreLocation.framework; path = System/Library/Frameworks/CoreLocation.framework; sourceTree = SDKROOT; };
		F454EE302357A90D003C2715 /* OnboardingViewController.h */ = {isa = PBXFileReference; lastKnownFileType = sourcecode.c.h; path = OnboardingViewController.h; sourceTree = "<group>"; };
		F454EE312357A90D003C2715 /* OnboardingViewController.m */ = {isa = PBXFileReference; lastKnownFileType = sourcecode.c.objc; path = OnboardingViewController.m; sourceTree = "<group>"; };
		F469639422C26F2F00645F69 /* rec_confirm.caf */ = {isa = PBXFileReference; lastKnownFileType = file; path = rec_confirm.caf; sourceTree = "<group>"; };
		F469639522C26F2F00645F69 /* rec_cancel.caf */ = {isa = PBXFileReference; lastKnownFileType = file; path = rec_cancel.caf; sourceTree = "<group>"; };
		F469639822C5086700645F69 /* QuerySession.h */ = {isa = PBXFileReference; lastKnownFileType = sourcecode.c.h; name = QuerySession.h; path = Embla/QuerySession.h; sourceTree = SOURCE_ROOT; };
		F469639922C5086700645F69 /* QuerySession.m */ = {isa = PBXFileReference; lastKnownFileType = sourcecode.c.objc; name = QuerySession.m; path = Embla/QuerySession.m; sourceTree = SOURCE_ROOT; };
		F469639B22CE3AE600645F69 /* err-dora.caf */ = {isa = PBXFileReference; lastKnownFileType = file; path = "err-dora.caf"; sourceTree = "<group>"; };
		F47D200A236C9D0000E4DB6A /* Onboarding.storyboard */ = {isa = PBXFileReference; lastKnownFileType = file.storyboard; path = Onboarding.storyboard; sourceTree = "<group>"; };
		F47D200C2370880800E4DB6A /* UIColor+Hex.m */ = {isa = PBXFileReference; fileEncoding = 4; lastKnownFileType = sourcecode.c.objc; path = "UIColor+Hex.m"; sourceTree = "<group>"; };
		F47D200D2370880900E4DB6A /* UIColor+Hex.h */ = {isa = PBXFileReference; fileEncoding = 4; lastKnownFileType = sourcecode.c.h; path = "UIColor+Hex.h"; sourceTree = "<group>"; };
		F47D20152371B82F00E4DB6A /* EMBLA_256px_00002.png */ = {isa = PBXFileReference; lastKnownFileType = image.png; path = EMBLA_256px_00002.png; sourceTree = "<group>"; };
		F47D20162371B82F00E4DB6A /* EMBLA_256px_00016.png */ = {isa = PBXFileReference; lastKnownFileType = image.png; path = EMBLA_256px_00016.png; sourceTree = "<group>"; };
		F47D20172371B82F00E4DB6A /* EMBLA_256px_00017.png */ = {isa = PBXFileReference; lastKnownFileType = image.png; path = EMBLA_256px_00017.png; sourceTree = "<group>"; };
		F47D20182371B82F00E4DB6A /* EMBLA_256px_00003.png */ = {isa = PBXFileReference; lastKnownFileType = image.png; path = EMBLA_256px_00003.png; sourceTree = "<group>"; };
		F47D20192371B82F00E4DB6A /* EMBLA_256px_00029.png */ = {isa = PBXFileReference; lastKnownFileType = image.png; path = EMBLA_256px_00029.png; sourceTree = "<group>"; };
		F47D201A2371B82F00E4DB6A /* EMBLA_256px_00015.png */ = {isa = PBXFileReference; lastKnownFileType = image.png; path = EMBLA_256px_00015.png; sourceTree = "<group>"; };
		F47D201B2371B82F00E4DB6A /* EMBLA_256px_00001.png */ = {isa = PBXFileReference; lastKnownFileType = image.png; path = EMBLA_256px_00001.png; sourceTree = "<group>"; };
		F47D201C2371B82F00E4DB6A /* EMBLA_256px_00000.png */ = {isa = PBXFileReference; lastKnownFileType = image.png; path = EMBLA_256px_00000.png; sourceTree = "<group>"; };
		F47D201D2371B82F00E4DB6A /* EMBLA_256px_00014.png */ = {isa = PBXFileReference; lastKnownFileType = image.png; path = EMBLA_256px_00014.png; sourceTree = "<group>"; };
		F47D201E2371B82F00E4DB6A /* EMBLA_256px_00028.png */ = {isa = PBXFileReference; lastKnownFileType = image.png; path = EMBLA_256px_00028.png; sourceTree = "<group>"; };
		F47D201F2371B82F00E4DB6A /* EMBLA_256px_00010.png */ = {isa = PBXFileReference; lastKnownFileType = image.png; path = EMBLA_256px_00010.png; sourceTree = "<group>"; };
		F47D20202371B82F00E4DB6A /* EMBLA_256px_00004.png */ = {isa = PBXFileReference; lastKnownFileType = image.png; path = EMBLA_256px_00004.png; sourceTree = "<group>"; };
		F47D20212371B82F00E4DB6A /* EMBLA_256px_00038.png */ = {isa = PBXFileReference; lastKnownFileType = image.png; path = EMBLA_256px_00038.png; sourceTree = "<group>"; };
		F47D20222371B82F00E4DB6A /* EMBLA_256px_00039.png */ = {isa = PBXFileReference; lastKnownFileType = image.png; path = EMBLA_256px_00039.png; sourceTree = "<group>"; };
		F47D20232371B82F00E4DB6A /* EMBLA_256px_00005.png */ = {isa = PBXFileReference; lastKnownFileType = image.png; path = EMBLA_256px_00005.png; sourceTree = "<group>"; };
		F47D20242371B82F00E4DB6A /* EMBLA_256px_00011.png */ = {isa = PBXFileReference; lastKnownFileType = image.png; path = EMBLA_256px_00011.png; sourceTree = "<group>"; };
		F47D20252371B82F00E4DB6A /* EMBLA_256px_00007.png */ = {isa = PBXFileReference; lastKnownFileType = image.png; path = EMBLA_256px_00007.png; sourceTree = "<group>"; };
		F47D20262371B82F00E4DB6A /* EMBLA_256px_00013.png */ = {isa = PBXFileReference; lastKnownFileType = image.png; path = EMBLA_256px_00013.png; sourceTree = "<group>"; };
		F47D20272371B82F00E4DB6A /* EMBLA_256px_00012.png */ = {isa = PBXFileReference; lastKnownFileType = image.png; path = EMBLA_256px_00012.png; sourceTree = "<group>"; };
		F47D20282371B82F00E4DB6A /* EMBLA_256px_00006.png */ = {isa = PBXFileReference; lastKnownFileType = image.png; path = EMBLA_256px_00006.png; sourceTree = "<group>"; };
		F47D20292371B82F00E4DB6A /* EMBLA_256px_00049.png */ = {isa = PBXFileReference; lastKnownFileType = image.png; path = EMBLA_256px_00049.png; sourceTree = "<group>"; };
		F47D202A2371B82F00E4DB6A /* EMBLA_256px_00061.png */ = {isa = PBXFileReference; lastKnownFileType = image.png; path = EMBLA_256px_00061.png; sourceTree = "<group>"; };
		F47D202B2371B82F00E4DB6A /* EMBLA_256px_00075.png */ = {isa = PBXFileReference; lastKnownFileType = image.png; path = EMBLA_256px_00075.png; sourceTree = "<group>"; };
		F47D202C2371B82F00E4DB6A /* EMBLA_256px_00074.png */ = {isa = PBXFileReference; lastKnownFileType = image.png; path = EMBLA_256px_00074.png; sourceTree = "<group>"; };
		F47D202D2371B82F00E4DB6A /* EMBLA_256px_00060.png */ = {isa = PBXFileReference; lastKnownFileType = image.png; path = EMBLA_256px_00060.png; sourceTree = "<group>"; };
		F47D202E2371B82F00E4DB6A /* EMBLA_256px_00048.png */ = {isa = PBXFileReference; lastKnownFileType = image.png; path = EMBLA_256px_00048.png; sourceTree = "<group>"; };
		F47D202F2371B82F00E4DB6A /* EMBLA_256px_00089.png */ = {isa = PBXFileReference; lastKnownFileType = image.png; path = EMBLA_256px_00089.png; sourceTree = "<group>"; };
		F47D20302371B82F00E4DB6A /* EMBLA_256px_00076.png */ = {isa = PBXFileReference; lastKnownFileType = image.png; path = EMBLA_256px_00076.png; sourceTree = "<group>"; };
		F47D20312371B82F00E4DB6A /* EMBLA_256px_00062.png */ = {isa = PBXFileReference; lastKnownFileType = image.png; path = EMBLA_256px_00062.png; sourceTree = "<group>"; };
		F47D20322371B82F00E4DB6A /* EMBLA_256px_00063.png */ = {isa = PBXFileReference; lastKnownFileType = image.png; path = EMBLA_256px_00063.png; sourceTree = "<group>"; };
		F47D20332371B82F00E4DB6A /* EMBLA_256px_00077.png */ = {isa = PBXFileReference; lastKnownFileType = image.png; path = EMBLA_256px_00077.png; sourceTree = "<group>"; };
		F47D20342371B82F00E4DB6A /* EMBLA_256px_00088.png */ = {isa = PBXFileReference; lastKnownFileType = image.png; path = EMBLA_256px_00088.png; sourceTree = "<group>"; };
		F47D20352371B82F00E4DB6A /* EMBLA_256px_00098.png */ = {isa = PBXFileReference; lastKnownFileType = image.png; path = EMBLA_256px_00098.png; sourceTree = "<group>"; };
		F47D20362371B82F00E4DB6A /* EMBLA_256px_00073.png */ = {isa = PBXFileReference; lastKnownFileType = image.png; path = EMBLA_256px_00073.png; sourceTree = "<group>"; };
		F47D20372371B82F00E4DB6A /* EMBLA_256px_00067.png */ = {isa = PBXFileReference; lastKnownFileType = image.png; path = EMBLA_256px_00067.png; sourceTree = "<group>"; };
		F47D20382371B82F00E4DB6A /* EMBLA_256px_00066.png */ = {isa = PBXFileReference; lastKnownFileType = image.png; path = EMBLA_256px_00066.png; sourceTree = "<group>"; };
		F47D20392371B82F00E4DB6A /* EMBLA_256px_00072.png */ = {isa = PBXFileReference; lastKnownFileType = image.png; path = EMBLA_256px_00072.png; sourceTree = "<group>"; };
		F47D203A2371B82F00E4DB6A /* EMBLA_256px_00099.png */ = {isa = PBXFileReference; lastKnownFileType = image.png; path = EMBLA_256px_00099.png; sourceTree = "<group>"; };
		F47D203B2371B82F00E4DB6A /* EMBLA_256px_00064.png */ = {isa = PBXFileReference; lastKnownFileType = image.png; path = EMBLA_256px_00064.png; sourceTree = "<group>"; };
		F47D203C2371B82F00E4DB6A /* EMBLA_256px_00070.png */ = {isa = PBXFileReference; lastKnownFileType = image.png; path = EMBLA_256px_00070.png; sourceTree = "<group>"; };
		F47D203D2371B82F00E4DB6A /* EMBLA_256px_00058.png */ = {isa = PBXFileReference; lastKnownFileType = image.png; path = EMBLA_256px_00058.png; sourceTree = "<group>"; };
		F47D203E2371B82F00E4DB6A /* EMBLA_256px_00059.png */ = {isa = PBXFileReference; lastKnownFileType = image.png; path = EMBLA_256px_00059.png; sourceTree = "<group>"; };
		F47D203F2371B82F00E4DB6A /* EMBLA_256px_00071.png */ = {isa = PBXFileReference; lastKnownFileType = image.png; path = EMBLA_256px_00071.png; sourceTree = "<group>"; };
		F47D20402371B82F00E4DB6A /* EMBLA_256px_00065.png */ = {isa = PBXFileReference; lastKnownFileType = image.png; path = EMBLA_256px_00065.png; sourceTree = "<group>"; };
		F47D20412371B82F00E4DB6A /* EMBLA_256px_00083.png */ = {isa = PBXFileReference; lastKnownFileType = image.png; path = EMBLA_256px_00083.png; sourceTree = "<group>"; };
		F47D20422371B82F00E4DB6A /* EMBLA_256px_00097.png */ = {isa = PBXFileReference; lastKnownFileType = image.png; path = EMBLA_256px_00097.png; sourceTree = "<group>"; };
		F47D20432371B82F00E4DB6A /* EMBLA_256px_00068.png */ = {isa = PBXFileReference; lastKnownFileType = image.png; path = EMBLA_256px_00068.png; sourceTree = "<group>"; };
		F47D20442371B82F00E4DB6A /* EMBLA_256px_00040.png */ = {isa = PBXFileReference; lastKnownFileType = image.png; path = EMBLA_256px_00040.png; sourceTree = "<group>"; };
		F47D20452371B82F00E4DB6A /* EMBLA_256px_00054.png */ = {isa = PBXFileReference; lastKnownFileType = image.png; path = EMBLA_256px_00054.png; sourceTree = "<group>"; };
		F47D20462371B82F00E4DB6A /* EMBLA_256px_00055.png */ = {isa = PBXFileReference; lastKnownFileType = image.png; path = EMBLA_256px_00055.png; sourceTree = "<group>"; };
		F47D20472371B82F00E4DB6A /* EMBLA_256px_00041.png */ = {isa = PBXFileReference; lastKnownFileType = image.png; path = EMBLA_256px_00041.png; sourceTree = "<group>"; };
		F47D20482371B82F00E4DB6A /* EMBLA_256px_00069.png */ = {isa = PBXFileReference; lastKnownFileType = image.png; path = EMBLA_256px_00069.png; sourceTree = "<group>"; };
		F47D20492371B82F00E4DB6A /* EMBLA_256px_00096.png */ = {isa = PBXFileReference; lastKnownFileType = image.png; path = EMBLA_256px_00096.png; sourceTree = "<group>"; };
		F47D204A2371B82F00E4DB6A /* EMBLA_256px_00082.png */ = {isa = PBXFileReference; lastKnownFileType = image.png; path = EMBLA_256px_00082.png; sourceTree = "<group>"; };
		F47D204B2371B82F00E4DB6A /* EMBLA_256px_00094.png */ = {isa = PBXFileReference; lastKnownFileType = image.png; path = EMBLA_256px_00094.png; sourceTree = "<group>"; };
		F47D204C2371B82F00E4DB6A /* EMBLA_256px_00080.png */ = {isa = PBXFileReference; lastKnownFileType = image.png; path = EMBLA_256px_00080.png; sourceTree = "<group>"; };
		F47D204D2371B82F00E4DB6A /* EMBLA_256px_00057.png */ = {isa = PBXFileReference; lastKnownFileType = image.png; path = EMBLA_256px_00057.png; sourceTree = "<group>"; };
		F47D204E2371B82F00E4DB6A /* EMBLA_256px_00043.png */ = {isa = PBXFileReference; lastKnownFileType = image.png; path = EMBLA_256px_00043.png; sourceTree = "<group>"; };
		F47D204F2371B82F00E4DB6A /* EMBLA_256px_00042.png */ = {isa = PBXFileReference; lastKnownFileType = image.png; path = EMBLA_256px_00042.png; sourceTree = "<group>"; };
		F47D20502371B82F00E4DB6A /* EMBLA_256px_00056.png */ = {isa = PBXFileReference; lastKnownFileType = image.png; path = EMBLA_256px_00056.png; sourceTree = "<group>"; };
		F47D20512371B82F00E4DB6A /* EMBLA_256px_00081.png */ = {isa = PBXFileReference; lastKnownFileType = image.png; path = EMBLA_256px_00081.png; sourceTree = "<group>"; };
		F47D20522371B82F00E4DB6A /* EMBLA_256px_00095.png */ = {isa = PBXFileReference; lastKnownFileType = image.png; path = EMBLA_256px_00095.png; sourceTree = "<group>"; };
		F47D20532371B82F00E4DB6A /* EMBLA_256px_00091.png */ = {isa = PBXFileReference; lastKnownFileType = image.png; path = EMBLA_256px_00091.png; sourceTree = "<group>"; };
		F47D20542371B82F00E4DB6A /* EMBLA_256px_00085.png */ = {isa = PBXFileReference; lastKnownFileType = image.png; path = EMBLA_256px_00085.png; sourceTree = "<group>"; };
		F47D20552371B82F00E4DB6A /* EMBLA_256px_00052.png */ = {isa = PBXFileReference; lastKnownFileType = image.png; path = EMBLA_256px_00052.png; sourceTree = "<group>"; };
		F47D20562371B82F00E4DB6A /* EMBLA_256px_00046.png */ = {isa = PBXFileReference; lastKnownFileType = image.png; path = EMBLA_256px_00046.png; sourceTree = "<group>"; };
		F47D20572371B82F00E4DB6A /* EMBLA_256px_00047.png */ = {isa = PBXFileReference; lastKnownFileType = image.png; path = EMBLA_256px_00047.png; sourceTree = "<group>"; };
		F47D20582371B82F00E4DB6A /* EMBLA_256px_00053.png */ = {isa = PBXFileReference; lastKnownFileType = image.png; path = EMBLA_256px_00053.png; sourceTree = "<group>"; };
		F47D20592371B82F00E4DB6A /* EMBLA_256px_00084.png */ = {isa = PBXFileReference; lastKnownFileType = image.png; path = EMBLA_256px_00084.png; sourceTree = "<group>"; };
		F47D205A2371B82F00E4DB6A /* EMBLA_256px_00090.png */ = {isa = PBXFileReference; lastKnownFileType = image.png; path = EMBLA_256px_00090.png; sourceTree = "<group>"; };
		F47D205B2371B82F00E4DB6A /* EMBLA_256px_00086.png */ = {isa = PBXFileReference; lastKnownFileType = image.png; path = EMBLA_256px_00086.png; sourceTree = "<group>"; };
		F47D205C2371B82F00E4DB6A /* EMBLA_256px_00092.png */ = {isa = PBXFileReference; lastKnownFileType = image.png; path = EMBLA_256px_00092.png; sourceTree = "<group>"; };
		F47D205D2371B82F00E4DB6A /* EMBLA_256px_00045.png */ = {isa = PBXFileReference; lastKnownFileType = image.png; path = EMBLA_256px_00045.png; sourceTree = "<group>"; };
		F47D205E2371B82F00E4DB6A /* EMBLA_256px_00051.png */ = {isa = PBXFileReference; lastKnownFileType = image.png; path = EMBLA_256px_00051.png; sourceTree = "<group>"; };
		F47D205F2371B82F00E4DB6A /* EMBLA_256px_00079.png */ = {isa = PBXFileReference; lastKnownFileType = image.png; path = EMBLA_256px_00079.png; sourceTree = "<group>"; };
		F47D20602371B82F00E4DB6A /* EMBLA_256px_00078.png */ = {isa = PBXFileReference; lastKnownFileType = image.png; path = EMBLA_256px_00078.png; sourceTree = "<group>"; };
		F47D20612371B82F00E4DB6A /* EMBLA_256px_00050.png */ = {isa = PBXFileReference; lastKnownFileType = image.png; path = EMBLA_256px_00050.png; sourceTree = "<group>"; };
		F47D20622371B82F00E4DB6A /* EMBLA_256px_00044.png */ = {isa = PBXFileReference; lastKnownFileType = image.png; path = EMBLA_256px_00044.png; sourceTree = "<group>"; };
		F47D20632371B82F00E4DB6A /* EMBLA_256px_00093.png */ = {isa = PBXFileReference; lastKnownFileType = image.png; path = EMBLA_256px_00093.png; sourceTree = "<group>"; };
		F47D20642371B82F00E4DB6A /* EMBLA_256px_00087.png */ = {isa = PBXFileReference; lastKnownFileType = image.png; path = EMBLA_256px_00087.png; sourceTree = "<group>"; };
		F47D20652371B82F00E4DB6A /* EMBLA_256px_00023.png */ = {isa = PBXFileReference; lastKnownFileType = image.png; path = EMBLA_256px_00023.png; sourceTree = "<group>"; };
		F47D20662371B82F00E4DB6A /* EMBLA_256px_00037.png */ = {isa = PBXFileReference; lastKnownFileType = image.png; path = EMBLA_256px_00037.png; sourceTree = "<group>"; };
		F47D20672371B82F00E4DB6A /* EMBLA_256px_00036.png */ = {isa = PBXFileReference; lastKnownFileType = image.png; path = EMBLA_256px_00036.png; sourceTree = "<group>"; };
		F47D20682371B82F00E4DB6A /* EMBLA_256px_00022.png */ = {isa = PBXFileReference; lastKnownFileType = image.png; path = EMBLA_256px_00022.png; sourceTree = "<group>"; };
		F47D20692371B82F00E4DB6A /* EMBLA_256px_00008.png */ = {isa = PBXFileReference; lastKnownFileType = image.png; path = EMBLA_256px_00008.png; sourceTree = "<group>"; };
		F47D206A2371B82F00E4DB6A /* EMBLA_256px_00034.png */ = {isa = PBXFileReference; lastKnownFileType = image.png; path = EMBLA_256px_00034.png; sourceTree = "<group>"; };
		F47D206B2371B82F00E4DB6A /* EMBLA_256px_00020.png */ = {isa = PBXFileReference; lastKnownFileType = image.png; path = EMBLA_256px_00020.png; sourceTree = "<group>"; };
		F47D206C2371B82F00E4DB6A /* EMBLA_256px_00021.png */ = {isa = PBXFileReference; lastKnownFileType = image.png; path = EMBLA_256px_00021.png; sourceTree = "<group>"; };
		F47D206D2371B82F00E4DB6A /* EMBLA_256px_00035.png */ = {isa = PBXFileReference; lastKnownFileType = image.png; path = EMBLA_256px_00035.png; sourceTree = "<group>"; };
		F47D206E2371B82F00E4DB6A /* EMBLA_256px_00009.png */ = {isa = PBXFileReference; lastKnownFileType = image.png; path = EMBLA_256px_00009.png; sourceTree = "<group>"; };
		F47D206F2371B82F00E4DB6A /* EMBLA_256px_00031.png */ = {isa = PBXFileReference; lastKnownFileType = image.png; path = EMBLA_256px_00031.png; sourceTree = "<group>"; };
		F47D20702371B82F00E4DB6A /* EMBLA_256px_00025.png */ = {isa = PBXFileReference; lastKnownFileType = image.png; path = EMBLA_256px_00025.png; sourceTree = "<group>"; };
		F47D20712371B82F00E4DB6A /* EMBLA_256px_00019.png */ = {isa = PBXFileReference; lastKnownFileType = image.png; path = EMBLA_256px_00019.png; sourceTree = "<group>"; };
		F47D20722371B82F00E4DB6A /* EMBLA_256px_00018.png */ = {isa = PBXFileReference; lastKnownFileType = image.png; path = EMBLA_256px_00018.png; sourceTree = "<group>"; };
		F47D20732371B82F00E4DB6A /* EMBLA_256px_00024.png */ = {isa = PBXFileReference; lastKnownFileType = image.png; path = EMBLA_256px_00024.png; sourceTree = "<group>"; };
		F47D20742371B82F00E4DB6A /* EMBLA_256px_00030.png */ = {isa = PBXFileReference; lastKnownFileType = image.png; path = EMBLA_256px_00030.png; sourceTree = "<group>"; };
		F47D20752371B82F00E4DB6A /* EMBLA_256px_00026.png */ = {isa = PBXFileReference; lastKnownFileType = image.png; path = EMBLA_256px_00026.png; sourceTree = "<group>"; };
		F47D20762371B82F00E4DB6A /* EMBLA_256px_00032.png */ = {isa = PBXFileReference; lastKnownFileType = image.png; path = EMBLA_256px_00032.png; sourceTree = "<group>"; };
		F47D20772371B82F00E4DB6A /* EMBLA_256px_00033.png */ = {isa = PBXFileReference; lastKnownFileType = image.png; path = EMBLA_256px_00033.png; sourceTree = "<group>"; };
		F47D20782371B82F00E4DB6A /* EMBLA_256px_00027.png */ = {isa = PBXFileReference; lastKnownFileType = image.png; path = EMBLA_256px_00027.png; sourceTree = "<group>"; };
		F48D15A422DCD31800B2996C /* build.sh */ = {isa = PBXFileReference; lastKnownFileType = text.script.sh; path = build.sh; sourceTree = "<group>"; };
		F48D15A522DCD44500B2996C /* .travis.yml */ = {isa = PBXFileReference; lastKnownFileType = text; path = .travis.yml; sourceTree = "<group>"; };
		F48D15A622DCD44E00B2996C /* .gitignore */ = {isa = PBXFileReference; lastKnownFileType = text; path = .gitignore; sourceTree = "<group>"; };
		F492122F22D4E4D200337AF8 /* SCSiriWaveformView.h */ = {isa = PBXFileReference; fileEncoding = 4; lastKnownFileType = sourcecode.c.h; path = SCSiriWaveformView.h; sourceTree = "<group>"; };
		F492123022D4E4D200337AF8 /* SCSiriWaveformView.m */ = {isa = PBXFileReference; fileEncoding = 4; lastKnownFileType = sourcecode.c.objc; path = SCSiriWaveformView.m; sourceTree = "<group>"; };
		F492123322D61D5300337AF8 /* NSString+Additions.h */ = {isa = PBXFileReference; fileEncoding = 4; lastKnownFileType = sourcecode.c.h; path = "NSString+Additions.h"; sourceTree = "<group>"; };
		F492123422D61D5300337AF8 /* NSString+Additions.m */ = {isa = PBXFileReference; fileEncoding = 4; lastKnownFileType = sourcecode.c.objc; path = "NSString+Additions.m"; sourceTree = "<group>"; };
		F497BB1D229EF73D00F66BD4 /* Common.h */ = {isa = PBXFileReference; lastKnownFileType = sourcecode.c.h; path = Common.h; sourceTree = "<group>"; };
		F497BB23229EFC2800F66BD4 /* README.md */ = {isa = PBXFileReference; lastKnownFileType = net.daringfireball.markdown; path = README.md; sourceTree = "<group>"; };
		F497BB2522A169DA00F66BD4 /* TODO.txt */ = {isa = PBXFileReference; lastKnownFileType = text; path = TODO.txt; sourceTree = "<group>"; };
		F4BBD1A7233A69A700B6A55A /* AcousticModelEnglish.bundle */ = {isa = PBXFileReference; lastKnownFileType = "wrapper.plug-in"; name = AcousticModelEnglish.bundle; path = ../OpenEars/AcousticModelEnglish.bundle; sourceTree = "<group>"; };
		F4BBD1A8233A69A700B6A55A /* OpenEars.framework */ = {isa = PBXFileReference; lastKnownFileType = wrapper.framework; name = OpenEars.framework; path = OpenEars/OpenEars.framework; sourceTree = "<group>"; };
		F4BBD1AB233A6A1100B6A55A /* ActivationListener.h */ = {isa = PBXFileReference; lastKnownFileType = sourcecode.c.h; name = ActivationListener.h; path = Embla/Services/ActivationListener.h; sourceTree = SOURCE_ROOT; };
		F4BBD1AC233A6A1100B6A55A /* ActivationListener.m */ = {isa = PBXFileReference; lastKnownFileType = sourcecode.c.objc; name = ActivationListener.m; path = Embla/Services/ActivationListener.m; sourceTree = SOURCE_ROOT; };
		F4CDF6CE235F541E00E88CF6 /* Lato-Italic.ttf */ = {isa = PBXFileReference; lastKnownFileType = file; path = "Lato-Italic.ttf"; sourceTree = "<group>"; };
		F4CDF6CF235F541E00E88CF6 /* Lato-Regular.ttf */ = {isa = PBXFileReference; lastKnownFileType = file; path = "Lato-Regular.ttf"; sourceTree = "<group>"; };
		F4E160F722A977620019EDE7 /* QueryService.h */ = {isa = PBXFileReference; lastKnownFileType = sourcecode.c.h; path = QueryService.h; sourceTree = "<group>"; };
		F4E160F822A977620019EDE7 /* QueryService.m */ = {isa = PBXFileReference; lastKnownFileType = sourcecode.c.objc; path = QueryService.m; sourceTree = "<group>"; };
		F4E7854823676639004E29D1 /* AboutViewController.h */ = {isa = PBXFileReference; lastKnownFileType = sourcecode.c.h; path = AboutViewController.h; sourceTree = "<group>"; };
		F4E7854923676639004E29D1 /* AboutViewController.m */ = {isa = PBXFileReference; lastKnownFileType = sourcecode.c.objc; path = AboutViewController.m; sourceTree = "<group>"; };
		F4E7854B236766E0004E29D1 /* PrivacyViewController.h */ = {isa = PBXFileReference; lastKnownFileType = sourcecode.c.h; path = PrivacyViewController.h; sourceTree = "<group>"; };
		F4E7854C236766E0004E29D1 /* PrivacyViewController.m */ = {isa = PBXFileReference; lastKnownFileType = sourcecode.c.objc; path = PrivacyViewController.m; sourceTree = "<group>"; };
		F4E7854E2368BDEA004E29D1 /* SessionButton.h */ = {isa = PBXFileReference; lastKnownFileType = sourcecode.c.h; path = SessionButton.h; sourceTree = "<group>"; };
		F4E7854F2368BDEA004E29D1 /* SessionButton.m */ = {isa = PBXFileReference; lastKnownFileType = sourcecode.c.objc; path = SessionButton.m; sourceTree = "<group>"; };
		F4E785542368FA88004E29D1 /* Keys.h */ = {isa = PBXFileReference; lastKnownFileType = sourcecode.c.h; path = Keys.h; sourceTree = "<group>"; };
		F4E785552368FA88004E29D1 /* GoogleAPI.key */ = {isa = PBXFileReference; lastKnownFileType = text; path = GoogleAPI.key; sourceTree = "<group>"; };
		F4E785572368FA88004E29D1 /* Keys.c */ = {isa = PBXFileReference; lastKnownFileType = sourcecode.c.c; path = Keys.c; sourceTree = "<group>"; };
		F4E785582368FA88004E29D1 /* keys.sh */ = {isa = PBXFileReference; lastKnownFileType = text.script.sh; path = keys.sh; sourceTree = "<group>"; };
		F4E7855B23690273004E29D1 /* about.html */ = {isa = PBXFileReference; lastKnownFileType = text.html; path = about.html; sourceTree = "<group>"; };
		F4E7855C23690273004E29D1 /* style.css */ = {isa = PBXFileReference; lastKnownFileType = text.css; path = style.css; sourceTree = "<group>"; };
		F4E7855D23690273004E29D1 /* privacy.html */ = {isa = PBXFileReference; lastKnownFileType = text.html; path = privacy.html; sourceTree = "<group>"; };
		F4E78561236905A9004E29D1 /* deploy.sh */ = {isa = PBXFileReference; lastKnownFileType = text.script.sh; path = deploy.sh; sourceTree = "<group>"; };
/* End PBXFileReference section */

/* Begin PBXFrameworksBuildPhase section */
		D34C17C61C948F5700D69BCA /* Frameworks */ = {
			isa = PBXFrameworksBuildPhase;
			buildActionMask = 2147483647;
			files = (
				F40B12562343908F00CBE9B4 /* WebKit.framework in Frameworks */,
				F4482F2C22B930530050148E /* CoreLocation.framework in Frameworks */,
				0C35C1D0057789BFCE789E42 /* libPods-Embla.a in Frameworks */,
				F4BBD1AA233A69A800B6A55A /* OpenEars.framework in Frameworks */,
			);
			runOnlyForDeploymentPostprocessing = 0;
		};
/* End PBXFrameworksBuildPhase section */

/* Begin PBXGroup section */
		32C6BA1B2FA20A9904F13B95 /* Frameworks */ = {
			isa = PBXGroup;
			children = (
				F40B12552343908F00CBE9B4 /* WebKit.framework */,
				F4BBD1A8233A69A700B6A55A /* OpenEars.framework */,
				F4482F2B22B930530050148E /* CoreLocation.framework */,
				C480A8697C218071EDA11AB0 /* libPods-Embla.a */,
			);
			name = Frameworks;
			sourceTree = "<group>";
		};
		D34C17C01C948F5700D69BCA = {
			isa = PBXGroup;
			children = (
				F497BB23229EFC2800F66BD4 /* README.md */,
				F497BB2522A169DA00F66BD4 /* TODO.txt */,
				F48D15A422DCD31800B2996C /* build.sh */,
				F48D15A522DCD44500B2996C /* .travis.yml */,
				F48D15A622DCD44E00B2996C /* .gitignore */,
				D34C17CB1C948F5700D69BCA /* Embla */,
				F4E7855A23690273004E29D1 /* Docs */,
				F4E785532368FA88004E29D1 /* Keys */,
				F657FA334EB8D9ABF1ACF569 /* Pods */,
				32C6BA1B2FA20A9904F13B95 /* Frameworks */,
				D34C17CA1C948F5700D69BCA /* Products */,
			);
			sourceTree = "<group>";
		};
		D34C17CA1C948F5700D69BCA /* Products */ = {
			isa = PBXGroup;
			children = (
				D34C17C91C948F5700D69BCA /* Embla.app */,
			);
			name = Products;
			sourceTree = "<group>";
		};
		D34C17CB1C948F5700D69BCA /* Embla */ = {
			isa = PBXGroup;
			children = (
				D34C17CD1C948F5700D69BCA /* main.m */,
				F497BB1D229EF73D00F66BD4 /* Common.h */,
				D34C17CF1C948F5700D69BCA /* AppDelegate.h */,
				D34C17D01C948F5700D69BCA /* AppDelegate.m */,
				F469639822C5086700645F69 /* QuerySession.h */,
				F469639922C5086700645F69 /* QuerySession.m */,
				F4E7854E2368BDEA004E29D1 /* SessionButton.h */,
				F4E7854F2368BDEA004E29D1 /* SessionButton.m */,
				F427692122C1216A00BB6977 /* Controllers */,
				F427692022C1216300BB6977 /* Services */,
				F427691F22C1215900BB6977 /* Util */,
				D34C17CC1C948F5700D69BCA /* Supporting Files */,
			);
			path = Embla;
			sourceTree = "<group>";
		};
		D34C17CC1C948F5700D69BCA /* Supporting Files */ = {
			isa = PBXGroup;
			children = (
				F4BBD1A7233A69A700B6A55A /* AcousticModelEnglish.bundle */,
				F4CDF6CD235F541E00E88CF6 /* Fonts */,
				F427692822C122F200BB6977 /* Audio */,
				D34C17DD1C948F5800D69BCA /* Info.plist */,
				D392D9851C94937D002F5132 /* Main.storyboard */,
				F47D200A236C9D0000E4DB6A /* Onboarding.storyboard */,
				D34C17DA1C948F5800D69BCA /* LaunchScreen.storyboard */,
				F47D20142371B82F00E4DB6A /* animation */,
				D34C17D81C948F5800D69BCA /* Assets.xcassets */,
			);
			name = "Supporting Files";
			sourceTree = "<group>";
		};
		F427691F22C1215900BB6977 /* Util */ = {
			isa = PBXGroup;
			children = (
				F492122F22D4E4D200337AF8 /* SCSiriWaveformView.h */,
				F492123022D4E4D200337AF8 /* SCSiriWaveformView.m */,
				D379BE361C99FEC70049D06F /* AudioRecordingController.h */,
				D379BE371C99FEC70049D06F /* AudioRecordingController.m */,
				F492123322D61D5300337AF8 /* NSString+Additions.h */,
				F492123422D61D5300337AF8 /* NSString+Additions.m */,
				F47D200D2370880900E4DB6A /* UIColor+Hex.h */,
				F47D200C2370880800E4DB6A /* UIColor+Hex.m */,
			);
			path = Util;
			sourceTree = "<group>";
		};
		F427692022C1216300BB6977 /* Services */ = {
			isa = PBXGroup;
			children = (
				F4BBD1AB233A6A1100B6A55A /* ActivationListener.h */,
				F4BBD1AC233A6A1100B6A55A /* ActivationListener.m */,
				F4E160F722A977620019EDE7 /* QueryService.h */,
				F4E160F822A977620019EDE7 /* QueryService.m */,
				D3FFBC351C96208B00268A5F /* SpeechRecognitionService.h */,
				D3FFBC361C96208B00268A5F /* SpeechRecognitionService.m */,
			);
			path = Services;
			sourceTree = "<group>";
		};
		F427692122C1216A00BB6977 /* Controllers */ = {
			isa = PBXGroup;
			children = (
				D392D9871C94938F002F5132 /* MainViewController.h */,
				D392D9881C94938F002F5132 /* MainViewController.m */,
				F427692222C1218A00BB6977 /* SettingsViewController.h */,
				F427692322C1218A00BB6977 /* SettingsViewController.m */,
				F454EE302357A90D003C2715 /* OnboardingViewController.h */,
				F454EE312357A90D003C2715 /* OnboardingViewController.m */,
				F4E785472367655C004E29D1 /* Web */,
			);
			path = Controllers;
			sourceTree = "<group>";
		};
		F427692822C122F200BB6977 /* Audio */ = {
			isa = PBXGroup;
			children = (
				F4430DBC22F0ABA900AE64C4 /* Dora */,
				F4430DBB22F0AB9100AE64C4 /* Karl */,
				F427692A22C122F200BB6977 /* rec_begin.caf */,
				F469639522C26F2F00645F69 /* rec_cancel.caf */,
				F469639422C26F2F00645F69 /* rec_confirm.caf */,
			);
			path = Audio;
			sourceTree = "<group>";
		};
		F4430DBB22F0AB9100AE64C4 /* Karl */ = {
			isa = PBXGroup;
			children = (
				F4430DB622F0AB8800AE64C4 /* conn-karl.caf */,
				F4430DB722F0AB8800AE64C4 /* dunno-karl.caf */,
				F4430DB522F0AB8800AE64C4 /* err-karl.caf */,
			);
			path = Karl;
			sourceTree = "<group>";
		};
		F4430DBC22F0ABA900AE64C4 /* Dora */ = {
			isa = PBXGroup;
			children = (
				F469639B22CE3AE600645F69 /* err-dora.caf */,
				F427692B22C122F200BB6977 /* conn-dora.caf */,
				F427692922C122F200BB6977 /* dunno-dora.caf */,
			);
			path = Dora;
			sourceTree = "<group>";
		};
		F47D20142371B82F00E4DB6A /* animation */ = {
			isa = PBXGroup;
			children = (
				F47D20152371B82F00E4DB6A /* EMBLA_256px_00002.png */,
				F47D20162371B82F00E4DB6A /* EMBLA_256px_00016.png */,
				F47D20172371B82F00E4DB6A /* EMBLA_256px_00017.png */,
				F47D20182371B82F00E4DB6A /* EMBLA_256px_00003.png */,
				F47D20192371B82F00E4DB6A /* EMBLA_256px_00029.png */,
				F47D201A2371B82F00E4DB6A /* EMBLA_256px_00015.png */,
				F47D201B2371B82F00E4DB6A /* EMBLA_256px_00001.png */,
				F47D201C2371B82F00E4DB6A /* EMBLA_256px_00000.png */,
				F47D201D2371B82F00E4DB6A /* EMBLA_256px_00014.png */,
				F47D201E2371B82F00E4DB6A /* EMBLA_256px_00028.png */,
				F47D201F2371B82F00E4DB6A /* EMBLA_256px_00010.png */,
				F47D20202371B82F00E4DB6A /* EMBLA_256px_00004.png */,
				F47D20212371B82F00E4DB6A /* EMBLA_256px_00038.png */,
				F47D20222371B82F00E4DB6A /* EMBLA_256px_00039.png */,
				F47D20232371B82F00E4DB6A /* EMBLA_256px_00005.png */,
				F47D20242371B82F00E4DB6A /* EMBLA_256px_00011.png */,
				F47D20252371B82F00E4DB6A /* EMBLA_256px_00007.png */,
				F47D20262371B82F00E4DB6A /* EMBLA_256px_00013.png */,
				F47D20272371B82F00E4DB6A /* EMBLA_256px_00012.png */,
				F47D20282371B82F00E4DB6A /* EMBLA_256px_00006.png */,
				F47D20292371B82F00E4DB6A /* EMBLA_256px_00049.png */,
				F47D202A2371B82F00E4DB6A /* EMBLA_256px_00061.png */,
				F47D202B2371B82F00E4DB6A /* EMBLA_256px_00075.png */,
				F47D202C2371B82F00E4DB6A /* EMBLA_256px_00074.png */,
				F47D202D2371B82F00E4DB6A /* EMBLA_256px_00060.png */,
				F47D202E2371B82F00E4DB6A /* EMBLA_256px_00048.png */,
				F47D202F2371B82F00E4DB6A /* EMBLA_256px_00089.png */,
				F47D20302371B82F00E4DB6A /* EMBLA_256px_00076.png */,
				F47D20312371B82F00E4DB6A /* EMBLA_256px_00062.png */,
				F47D20322371B82F00E4DB6A /* EMBLA_256px_00063.png */,
				F47D20332371B82F00E4DB6A /* EMBLA_256px_00077.png */,
				F47D20342371B82F00E4DB6A /* EMBLA_256px_00088.png */,
				F47D20352371B82F00E4DB6A /* EMBLA_256px_00098.png */,
				F47D20362371B82F00E4DB6A /* EMBLA_256px_00073.png */,
				F47D20372371B82F00E4DB6A /* EMBLA_256px_00067.png */,
				F47D20382371B82F00E4DB6A /* EMBLA_256px_00066.png */,
				F47D20392371B82F00E4DB6A /* EMBLA_256px_00072.png */,
				F47D203A2371B82F00E4DB6A /* EMBLA_256px_00099.png */,
				F47D203B2371B82F00E4DB6A /* EMBLA_256px_00064.png */,
				F47D203C2371B82F00E4DB6A /* EMBLA_256px_00070.png */,
				F47D203D2371B82F00E4DB6A /* EMBLA_256px_00058.png */,
				F47D203E2371B82F00E4DB6A /* EMBLA_256px_00059.png */,
				F47D203F2371B82F00E4DB6A /* EMBLA_256px_00071.png */,
				F47D20402371B82F00E4DB6A /* EMBLA_256px_00065.png */,
				F47D20412371B82F00E4DB6A /* EMBLA_256px_00083.png */,
				F47D20422371B82F00E4DB6A /* EMBLA_256px_00097.png */,
				F47D20432371B82F00E4DB6A /* EMBLA_256px_00068.png */,
				F47D20442371B82F00E4DB6A /* EMBLA_256px_00040.png */,
				F47D20452371B82F00E4DB6A /* EMBLA_256px_00054.png */,
				F47D20462371B82F00E4DB6A /* EMBLA_256px_00055.png */,
				F47D20472371B82F00E4DB6A /* EMBLA_256px_00041.png */,
				F47D20482371B82F00E4DB6A /* EMBLA_256px_00069.png */,
				F47D20492371B82F00E4DB6A /* EMBLA_256px_00096.png */,
				F47D204A2371B82F00E4DB6A /* EMBLA_256px_00082.png */,
				F47D204B2371B82F00E4DB6A /* EMBLA_256px_00094.png */,
				F47D204C2371B82F00E4DB6A /* EMBLA_256px_00080.png */,
				F47D204D2371B82F00E4DB6A /* EMBLA_256px_00057.png */,
				F47D204E2371B82F00E4DB6A /* EMBLA_256px_00043.png */,
				F47D204F2371B82F00E4DB6A /* EMBLA_256px_00042.png */,
				F47D20502371B82F00E4DB6A /* EMBLA_256px_00056.png */,
				F47D20512371B82F00E4DB6A /* EMBLA_256px_00081.png */,
				F47D20522371B82F00E4DB6A /* EMBLA_256px_00095.png */,
				F47D20532371B82F00E4DB6A /* EMBLA_256px_00091.png */,
				F47D20542371B82F00E4DB6A /* EMBLA_256px_00085.png */,
				F47D20552371B82F00E4DB6A /* EMBLA_256px_00052.png */,
				F47D20562371B82F00E4DB6A /* EMBLA_256px_00046.png */,
				F47D20572371B82F00E4DB6A /* EMBLA_256px_00047.png */,
				F47D20582371B82F00E4DB6A /* EMBLA_256px_00053.png */,
				F47D20592371B82F00E4DB6A /* EMBLA_256px_00084.png */,
				F47D205A2371B82F00E4DB6A /* EMBLA_256px_00090.png */,
				F47D205B2371B82F00E4DB6A /* EMBLA_256px_00086.png */,
				F47D205C2371B82F00E4DB6A /* EMBLA_256px_00092.png */,
				F47D205D2371B82F00E4DB6A /* EMBLA_256px_00045.png */,
				F47D205E2371B82F00E4DB6A /* EMBLA_256px_00051.png */,
				F47D205F2371B82F00E4DB6A /* EMBLA_256px_00079.png */,
				F47D20602371B82F00E4DB6A /* EMBLA_256px_00078.png */,
				F47D20612371B82F00E4DB6A /* EMBLA_256px_00050.png */,
				F47D20622371B82F00E4DB6A /* EMBLA_256px_00044.png */,
				F47D20632371B82F00E4DB6A /* EMBLA_256px_00093.png */,
				F47D20642371B82F00E4DB6A /* EMBLA_256px_00087.png */,
				F47D20652371B82F00E4DB6A /* EMBLA_256px_00023.png */,
				F47D20662371B82F00E4DB6A /* EMBLA_256px_00037.png */,
				F47D20672371B82F00E4DB6A /* EMBLA_256px_00036.png */,
				F47D20682371B82F00E4DB6A /* EMBLA_256px_00022.png */,
				F47D20692371B82F00E4DB6A /* EMBLA_256px_00008.png */,
				F47D206A2371B82F00E4DB6A /* EMBLA_256px_00034.png */,
				F47D206B2371B82F00E4DB6A /* EMBLA_256px_00020.png */,
				F47D206C2371B82F00E4DB6A /* EMBLA_256px_00021.png */,
				F47D206D2371B82F00E4DB6A /* EMBLA_256px_00035.png */,
				F47D206E2371B82F00E4DB6A /* EMBLA_256px_00009.png */,
				F47D206F2371B82F00E4DB6A /* EMBLA_256px_00031.png */,
				F47D20702371B82F00E4DB6A /* EMBLA_256px_00025.png */,
				F47D20712371B82F00E4DB6A /* EMBLA_256px_00019.png */,
				F47D20722371B82F00E4DB6A /* EMBLA_256px_00018.png */,
				F47D20732371B82F00E4DB6A /* EMBLA_256px_00024.png */,
				F47D20742371B82F00E4DB6A /* EMBLA_256px_00030.png */,
				F47D20752371B82F00E4DB6A /* EMBLA_256px_00026.png */,
				F47D20762371B82F00E4DB6A /* EMBLA_256px_00032.png */,
				F47D20772371B82F00E4DB6A /* EMBLA_256px_00033.png */,
				F47D20782371B82F00E4DB6A /* EMBLA_256px_00027.png */,
			);
			path = animation;
			sourceTree = "<group>";
		};
		F4CDF6CD235F541E00E88CF6 /* Fonts */ = {
			isa = PBXGroup;
			children = (
				F4CDF6CE235F541E00E88CF6 /* Lato-Italic.ttf */,
				F4CDF6CF235F541E00E88CF6 /* Lato-Regular.ttf */,
			);
			path = Fonts;
			sourceTree = "<group>";
		};
		F4E785472367655C004E29D1 /* Web */ = {
			isa = PBXGroup;
			children = (
				F427692522C1219A00BB6977 /* WebViewController.h */,
				F427692622C1219A00BB6977 /* WebViewController.m */,
				F4E7854823676639004E29D1 /* AboutViewController.h */,
				F4E7854923676639004E29D1 /* AboutViewController.m */,
				F4E7854B236766E0004E29D1 /* PrivacyViewController.h */,
				F4E7854C236766E0004E29D1 /* PrivacyViewController.m */,
			);
			path = Web;
			sourceTree = "<group>";
		};
		F4E785532368FA88004E29D1 /* Keys */ = {
			isa = PBXGroup;
			children = (
				F4E785582368FA88004E29D1 /* keys.sh */,
				F4E785552368FA88004E29D1 /* GoogleAPI.key */,
				F4E785542368FA88004E29D1 /* Keys.h */,
				F4E785572368FA88004E29D1 /* Keys.c */,
			);
			path = Keys;
			sourceTree = "<group>";
		};
		F4E7855A23690273004E29D1 /* Docs */ = {
			isa = PBXGroup;
			children = (
				F4E7855B23690273004E29D1 /* about.html */,
				F4E7855D23690273004E29D1 /* privacy.html */,
				F4E7855C23690273004E29D1 /* style.css */,
				F4E78561236905A9004E29D1 /* deploy.sh */,
			);
			path = Docs;
			sourceTree = "<group>";
		};
		F657FA334EB8D9ABF1ACF569 /* Pods */ = {
			isa = PBXGroup;
			children = (
				F3215BCD5D87DFF7F2965B8A /* Pods.debug.xcconfig */,
				6C682F8DD9C94E41979FE816 /* Pods.release.xcconfig */,
				EBFF549A15D921031174FE01 /* Pods-Greynir.debug.xcconfig */,
				CECB645A36BDC7BD3FF6E417 /* Pods-Greynir.release.xcconfig */,
				4A9721C02DC1D460E02043CD /* Pods-Embla.debug.xcconfig */,
				E041B89B0C5D1AED806E3D47 /* Pods-Embla.release.xcconfig */,
			);
			name = Pods;
			sourceTree = "<group>";
		};
/* End PBXGroup section */

/* Begin PBXNativeTarget section */
		D34C17C81C948F5700D69BCA /* Embla */ = {
			isa = PBXNativeTarget;
			buildConfigurationList = D34C17E01C948F5800D69BCA /* Build configuration list for PBXNativeTarget "Embla" */;
			buildPhases = (
				D7376F491EC06AD174E07DB4 /* [CP] Check Pods Manifest.lock */,
				F4CDF6CA235E635700E88CF6 /* Update API key file */,
				F4971E75236C7AAE00C8D2B5 /* Update CFBundleVersion number */,
				D34C17C51C948F5700D69BCA /* Sources */,
				D34C17C61C948F5700D69BCA /* Frameworks */,
				D34C17C71C948F5700D69BCA /* Resources */,
				0B2C80AFE15BF1FD44C60569 /* [CP] Copy Pods Resources */,
			);
			buildRules = (
			);
			dependencies = (
			);
			name = Embla;
			productName = Embla;
			productReference = D34C17C91C948F5700D69BCA /* Embla.app */;
			productType = "com.apple.product-type.application";
		};
/* End PBXNativeTarget section */

/* Begin PBXProject section */
		D34C17C11C948F5700D69BCA /* Project object */ = {
			isa = PBXProject;
			attributes = {
				LastUpgradeCheck = 1020;
				ORGANIZATIONNAME = Google;
				TargetAttributes = {
					D34C17C81C948F5700D69BCA = {
						CreatedOnToolsVersion = 7.2;
					};
				};
			};
			buildConfigurationList = D34C17C41C948F5700D69BCA /* Build configuration list for PBXProject "Embla" */;
			compatibilityVersion = "Xcode 10.0";
			developmentRegion = en;
			hasScannedForEncodings = 0;
			knownRegions = (
				en,
				Base,
			);
			mainGroup = D34C17C01C948F5700D69BCA;
			productRefGroup = D34C17CA1C948F5700D69BCA /* Products */;
			projectDirPath = "";
			projectRoot = "";
			targets = (
				D34C17C81C948F5700D69BCA /* Embla */,
			);
		};
/* End PBXProject section */

/* Begin PBXResourcesBuildPhase section */
		D34C17C71C948F5700D69BCA /* Resources */ = {
			isa = PBXResourcesBuildPhase;
			buildActionMask = 2147483647;
			files = (
				F469639C22CE3AE700645F69 /* err-dora.caf in Resources */,
				F47D20C52371B83000E4DB6A /* EMBLA_256px_00050.png in Resources */,
				F47D20D02371B83000E4DB6A /* EMBLA_256px_00021.png in Resources */,
				F47D207A2371B83000E4DB6A /* EMBLA_256px_00016.png in Resources */,
				F47D20D42371B83000E4DB6A /* EMBLA_256px_00025.png in Resources */,
				F47D20B72371B83000E4DB6A /* EMBLA_256px_00091.png in Resources */,
				F47D20D52371B83000E4DB6A /* EMBLA_256px_00019.png in Resources */,
				F47D20C72371B83000E4DB6A /* EMBLA_256px_00093.png in Resources */,
				F4E7856023690550004E29D1 /* style.css in Resources */,
				F469639622C26F3600645F69 /* rec_cancel.caf in Resources */,
				F47D20952371B83000E4DB6A /* EMBLA_256px_00062.png in Resources */,
				F47D209D2371B83000E4DB6A /* EMBLA_256px_00072.png in Resources */,
				F427692C22C122F300BB6977 /* dunno-dora.caf in Resources */,
				F4430DB822F0AB8800AE64C4 /* err-karl.caf in Resources */,
				F47D20B12371B83000E4DB6A /* EMBLA_256px_00057.png in Resources */,
				F47D209B2371B83000E4DB6A /* EMBLA_256px_00067.png in Resources */,
				F47D20AE2371B83000E4DB6A /* EMBLA_256px_00082.png in Resources */,
				F47D20D22371B83000E4DB6A /* EMBLA_256px_00009.png in Resources */,
				F47D20D32371B83000E4DB6A /* EMBLA_256px_00031.png in Resources */,
				F47D207B2371B83000E4DB6A /* EMBLA_256px_00017.png in Resources */,
				F47D20D12371B83000E4DB6A /* EMBLA_256px_00035.png in Resources */,
				F47D20A72371B83000E4DB6A /* EMBLA_256px_00068.png in Resources */,
				F47D20962371B83000E4DB6A /* EMBLA_256px_00063.png in Resources */,
				F47D20922371B83000E4DB6A /* EMBLA_256px_00048.png in Resources */,
				F47D20BF2371B83000E4DB6A /* EMBLA_256px_00086.png in Resources */,
				F47D20BD2371B83000E4DB6A /* EMBLA_256px_00084.png in Resources */,
				F47D20892371B83000E4DB6A /* EMBLA_256px_00007.png in Resources */,
				F47D20902371B83000E4DB6A /* EMBLA_256px_00074.png in Resources */,
				F47D20852371B83000E4DB6A /* EMBLA_256px_00038.png in Resources */,
				F47D20992371B83000E4DB6A /* EMBLA_256px_00098.png in Resources */,
				F47D20A92371B83000E4DB6A /* EMBLA_256px_00054.png in Resources */,
				F47D20A42371B83000E4DB6A /* EMBLA_256px_00065.png in Resources */,
				F47D20B52371B83000E4DB6A /* EMBLA_256px_00081.png in Resources */,
				F47D209F2371B83000E4DB6A /* EMBLA_256px_00064.png in Resources */,
				F47D207F2371B83000E4DB6A /* EMBLA_256px_00001.png in Resources */,
				F47D20942371B83000E4DB6A /* EMBLA_256px_00076.png in Resources */,
				F47D208F2371B83000E4DB6A /* EMBLA_256px_00075.png in Resources */,
				F47D20982371B83000E4DB6A /* EMBLA_256px_00088.png in Resources */,
				F47D207D2371B83000E4DB6A /* EMBLA_256px_00029.png in Resources */,
				F47D20AA2371B83000E4DB6A /* EMBLA_256px_00055.png in Resources */,
				F47D20B32371B83000E4DB6A /* EMBLA_256px_00042.png in Resources */,
				F47D20C12371B83000E4DB6A /* EMBLA_256px_00045.png in Resources */,
				F47D20C62371B83000E4DB6A /* EMBLA_256px_00044.png in Resources */,
				F47D20C92371B83000E4DB6A /* EMBLA_256px_00023.png in Resources */,
				F47D20B92371B83000E4DB6A /* EMBLA_256px_00052.png in Resources */,
				F47D20A32371B83000E4DB6A /* EMBLA_256px_00071.png in Resources */,
				F47D20C02371B83000E4DB6A /* EMBLA_256px_00092.png in Resources */,
				D392D9861C94937D002F5132 /* Main.storyboard in Resources */,
				D34C17DC1C948F5800D69BCA /* LaunchScreen.storyboard in Resources */,
				F47D20BE2371B83000E4DB6A /* EMBLA_256px_00090.png in Resources */,
				F47D20C82371B83000E4DB6A /* EMBLA_256px_00087.png in Resources */,
				D34C17D91C948F5800D69BCA /* Assets.xcassets in Resources */,
				F47D20D92371B83000E4DB6A /* EMBLA_256px_00026.png in Resources */,
				F47D207C2371B83000E4DB6A /* EMBLA_256px_00003.png in Resources */,
				F47D20D82371B83000E4DB6A /* EMBLA_256px_00030.png in Resources */,
				F47D20C32371B83000E4DB6A /* EMBLA_256px_00079.png in Resources */,
				F47D20B42371B83000E4DB6A /* EMBLA_256px_00056.png in Resources */,
				F47D20832371B83000E4DB6A /* EMBLA_256px_00010.png in Resources */,
				F47D20932371B83000E4DB6A /* EMBLA_256px_00089.png in Resources */,
				F47D20872371B83000E4DB6A /* EMBLA_256px_00005.png in Resources */,
				F47D20972371B83000E4DB6A /* EMBLA_256px_00077.png in Resources */,
				F47D20882371B83000E4DB6A /* EMBLA_256px_00011.png in Resources */,
				F47D20CC2371B83000E4DB6A /* EMBLA_256px_00022.png in Resources */,
				F469639722C26F3600645F69 /* rec_confirm.caf in Resources */,
				F47D20A62371B83000E4DB6A /* EMBLA_256px_00097.png in Resources */,
				F47D20B62371B83000E4DB6A /* EMBLA_256px_00095.png in Resources */,
				F47D208C2371B83000E4DB6A /* EMBLA_256px_00006.png in Resources */,
				F47D207E2371B83000E4DB6A /* EMBLA_256px_00015.png in Resources */,
				F47D20A82371B83000E4DB6A /* EMBLA_256px_00040.png in Resources */,
				F4E7855E23690549004E29D1 /* about.html in Resources */,
				F427692E22C122F300BB6977 /* conn-dora.caf in Resources */,
				F47D20BB2371B83000E4DB6A /* EMBLA_256px_00047.png in Resources */,
				F47D20CA2371B83000E4DB6A /* EMBLA_256px_00037.png in Resources */,
				F47D20AD2371B83000E4DB6A /* EMBLA_256px_00096.png in Resources */,
				F47D20822371B83000E4DB6A /* EMBLA_256px_00028.png in Resources */,
				F47D20A52371B83000E4DB6A /* EMBLA_256px_00083.png in Resources */,
				F47D20DC2371B83000E4DB6A /* EMBLA_256px_00027.png in Resources */,
				F47D20CD2371B83000E4DB6A /* EMBLA_256px_00008.png in Resources */,
				F47D20AC2371B83000E4DB6A /* EMBLA_256px_00069.png in Resources */,
				F47D20C42371B83000E4DB6A /* EMBLA_256px_00078.png in Resources */,
				F47D20A12371B83000E4DB6A /* EMBLA_256px_00058.png in Resources */,
				F47D20912371B83000E4DB6A /* EMBLA_256px_00060.png in Resources */,
				F47D20A22371B83000E4DB6A /* EMBLA_256px_00059.png in Resources */,
				F47D20DB2371B83000E4DB6A /* EMBLA_256px_00033.png in Resources */,
				F47D20D62371B83000E4DB6A /* EMBLA_256px_00018.png in Resources */,
				F47D209C2371B83000E4DB6A /* EMBLA_256px_00066.png in Resources */,
				F47D208B2371B83000E4DB6A /* EMBLA_256px_00012.png in Resources */,
				F47D208D2371B83000E4DB6A /* EMBLA_256px_00049.png in Resources */,
				F47D20B22371B83000E4DB6A /* EMBLA_256px_00043.png in Resources */,
				F47D209E2371B83000E4DB6A /* EMBLA_256px_00099.png in Resources */,
				F47D200B236C9D0000E4DB6A /* Onboarding.storyboard in Resources */,
				F4430DB922F0AB8800AE64C4 /* conn-karl.caf in Resources */,
				F47D20CB2371B83000E4DB6A /* EMBLA_256px_00036.png in Resources */,
				F47D20862371B83000E4DB6A /* EMBLA_256px_00039.png in Resources */,
				F47D20BA2371B83000E4DB6A /* EMBLA_256px_00046.png in Resources */,
				F47D20B02371B83000E4DB6A /* EMBLA_256px_00080.png in Resources */,
				F4430DBA22F0AB8800AE64C4 /* dunno-karl.caf in Resources */,
				F47D208E2371B83000E4DB6A /* EMBLA_256px_00061.png in Resources */,
				F47D209A2371B83000E4DB6A /* EMBLA_256px_00073.png in Resources */,
				F47D20792371B83000E4DB6A /* EMBLA_256px_00002.png in Resources */,
				F47D20BC2371B83000E4DB6A /* EMBLA_256px_00053.png in Resources */,
				F47D20CF2371B83000E4DB6A /* EMBLA_256px_00020.png in Resources */,
				F47D20B82371B83000E4DB6A /* EMBLA_256px_00085.png in Resources */,
				F47D208A2371B83000E4DB6A /* EMBLA_256px_00013.png in Resources */,
				F47D20812371B83000E4DB6A /* EMBLA_256px_00014.png in Resources */,
				F47D20AB2371B83000E4DB6A /* EMBLA_256px_00041.png in Resources */,
				F4E7855F2369054C004E29D1 /* privacy.html in Resources */,
				F427692D22C122F300BB6977 /* rec_begin.caf in Resources */,
				F4CDF6D0235F541E00E88CF6 /* Lato-Italic.ttf in Resources */,
				F4BBD1A9233A69A800B6A55A /* AcousticModelEnglish.bundle in Resources */,
				F47D20A02371B83000E4DB6A /* EMBLA_256px_00070.png in Resources */,
				F47D20C22371B83000E4DB6A /* EMBLA_256px_00051.png in Resources */,
				F47D20CE2371B83000E4DB6A /* EMBLA_256px_00034.png in Resources */,
				F47D20802371B83000E4DB6A /* EMBLA_256px_00000.png in Resources */,
				F4CDF6D1235F541E00E88CF6 /* Lato-Regular.ttf in Resources */,
				F47D20842371B83000E4DB6A /* EMBLA_256px_00004.png in Resources */,
				F47D20D72371B83000E4DB6A /* EMBLA_256px_00024.png in Resources */,
				F47D20DA2371B83000E4DB6A /* EMBLA_256px_00032.png in Resources */,
				F47D20AF2371B83000E4DB6A /* EMBLA_256px_00094.png in Resources */,
			);
			runOnlyForDeploymentPostprocessing = 0;
		};
/* End PBXResourcesBuildPhase section */

/* Begin PBXShellScriptBuildPhase section */
		0B2C80AFE15BF1FD44C60569 /* [CP] Copy Pods Resources */ = {
			isa = PBXShellScriptBuildPhase;
			buildActionMask = 2147483647;
			files = (
			);
			inputFileListPaths = (
				"${PODS_ROOT}/Target Support Files/Pods-Embla/Pods-Embla-resources-${CONFIGURATION}-input-files.xcfilelist",
			);
			name = "[CP] Copy Pods Resources";
			outputFileListPaths = (
				"${PODS_ROOT}/Target Support Files/Pods-Embla/Pods-Embla-resources-${CONFIGURATION}-output-files.xcfilelist",
			);
			runOnlyForDeploymentPostprocessing = 0;
			shellPath = /bin/sh;
			shellScript = "\"${PODS_ROOT}/Target Support Files/Pods-Embla/Pods-Embla-resources.sh\"\n";
			showEnvVarsInLog = 0;
		};
		D7376F491EC06AD174E07DB4 /* [CP] Check Pods Manifest.lock */ = {
			isa = PBXShellScriptBuildPhase;
			buildActionMask = 2147483647;
			files = (
			);
			inputPaths = (
				"${PODS_PODFILE_DIR_PATH}/Podfile.lock",
				"${PODS_ROOT}/Manifest.lock",
			);
			name = "[CP] Check Pods Manifest.lock";
			outputPaths = (
				"$(DERIVED_FILE_DIR)/Pods-Embla-checkManifestLockResult.txt",
			);
			runOnlyForDeploymentPostprocessing = 0;
			shellPath = /bin/sh;
			shellScript = "diff \"${PODS_PODFILE_DIR_PATH}/Podfile.lock\" \"${PODS_ROOT}/Manifest.lock\" > /dev/null\nif [ $? != 0 ] ; then\n    # print error to STDERR\n    echo \"error: The sandbox is not in sync with the Podfile.lock. Run 'pod install' or update your CocoaPods installation.\" >&2\n    exit 1\nfi\n# This output is used by Xcode 'outputs' to avoid re-running this script phase.\necho \"SUCCESS\" > \"${SCRIPT_OUTPUT_FILE_0}\"\n";
			showEnvVarsInLog = 0;
		};
		F4971E75236C7AAE00C8D2B5 /* Update CFBundleVersion number */ = {
			isa = PBXShellScriptBuildPhase;
			buildActionMask = 2147483647;
			files = (
			);
			inputFileListPaths = (
			);
			inputPaths = (
			);
			name = "Update CFBundleVersion number";
			outputFileListPaths = (
			);
			outputPaths = (
			);
			runOnlyForDeploymentPostprocessing = 0;
			shellPath = /bin/sh;
			shellScript = "# Type #!/bin/sh\nBUILD_NUMBER=`git rev-list HEAD | wc -l`\n/usr/libexec/PlistBuddy -c \"Set :CFBundleVersion $BUILD_NUMBER\" \"${INFOPLIST_FILE}\"\n#echo \"warning: ${TARGET_BUILD_DIR}/${INFOPLIST_PATH}\"\nif [ \"$?\" -ne 0 ] ; then\n    echo \"warning:Error incrementing CFBundleVersion\"\nfi\n";
		};
		F4CDF6CA235E635700E88CF6 /* Update API key file */ = {
			isa = PBXShellScriptBuildPhase;
			buildActionMask = 2147483647;
			files = (
			);
			inputFileListPaths = (
			);
			inputPaths = (
			);
			name = "Update API key file";
			outputFileListPaths = (
			);
			outputPaths = (
			);
			runOnlyForDeploymentPostprocessing = 0;
			shellPath = /bin/sh;
			shellScript = "\n/bin/bash \"Keys/keys.sh\" > \"Keys/Keys.c\"\n\n";
		};
/* End PBXShellScriptBuildPhase section */

/* Begin PBXSourcesBuildPhase section */
		D34C17C51C948F5700D69BCA /* Sources */ = {
			isa = PBXSourcesBuildPhase;
			buildActionMask = 2147483647;
			files = (
				F469639A22C5086700645F69 /* QuerySession.m in Sources */,
				F4E785592368FA9F004E29D1 /* Keys.c in Sources */,
				F4E785502368BDEA004E29D1 /* SessionButton.m in Sources */,
				D379BE381C99FEC70049D06F /* AudioRecordingController.m in Sources */,
				D392D9891C94938F002F5132 /* MainViewController.m in Sources */,
				F4BBD1AD233A6A1100B6A55A /* ActivationListener.m in Sources */,
				F4E160F922A977630019EDE7 /* QueryService.m in Sources */,
				F4E7854A23676639004E29D1 /* AboutViewController.m in Sources */,
				F492123522D61D5300337AF8 /* NSString+Additions.m in Sources */,
				F454EE322357A90D003C2715 /* OnboardingViewController.m in Sources */,
				F492123122D4E4D200337AF8 /* SCSiriWaveformView.m in Sources */,
				F427692722C1219A00BB6977 /* WebViewController.m in Sources */,
				F427692422C1218A00BB6977 /* SettingsViewController.m in Sources */,
				F47D200E2370880900E4DB6A /* UIColor+Hex.m in Sources */,
				D34C17D11C948F5700D69BCA /* AppDelegate.m in Sources */,
				D34C17CE1C948F5700D69BCA /* main.m in Sources */,
				D3FFBC371C96208B00268A5F /* SpeechRecognitionService.m in Sources */,
				F4E7854D236766E0004E29D1 /* PrivacyViewController.m in Sources */,
			);
			runOnlyForDeploymentPostprocessing = 0;
		};
/* End PBXSourcesBuildPhase section */

/* Begin PBXVariantGroup section */
		D34C17DA1C948F5800D69BCA /* LaunchScreen.storyboard */ = {
			isa = PBXVariantGroup;
			children = (
				D34C17DB1C948F5800D69BCA /* Base */,
			);
			name = LaunchScreen.storyboard;
			sourceTree = "<group>";
		};
/* End PBXVariantGroup section */

/* Begin XCBuildConfiguration section */
		D34C17DE1C948F5800D69BCA /* Debug */ = {
			isa = XCBuildConfiguration;
			buildSettings = {
				ALWAYS_SEARCH_USER_PATHS = NO;
				CLANG_CXX_LANGUAGE_STANDARD = "gnu++0x";
				CLANG_CXX_LIBRARY = "libc++";
				CLANG_ENABLE_MODULES = YES;
				CLANG_ENABLE_OBJC_ARC = YES;
				CLANG_WARN_BLOCK_CAPTURE_AUTORELEASING = YES;
				CLANG_WARN_BOOL_CONVERSION = YES;
				CLANG_WARN_COMMA = YES;
				CLANG_WARN_CONSTANT_CONVERSION = YES;
				CLANG_WARN_DEPRECATED_OBJC_IMPLEMENTATIONS = YES;
				CLANG_WARN_DIRECT_OBJC_ISA_USAGE = YES_ERROR;
				CLANG_WARN_EMPTY_BODY = YES;
				CLANG_WARN_ENUM_CONVERSION = YES;
				CLANG_WARN_INFINITE_RECURSION = YES;
				CLANG_WARN_INT_CONVERSION = YES;
				CLANG_WARN_NON_LITERAL_NULL_CONVERSION = YES;
				CLANG_WARN_OBJC_IMPLICIT_RETAIN_SELF = NO;
				CLANG_WARN_OBJC_LITERAL_CONVERSION = YES;
				CLANG_WARN_OBJC_ROOT_CLASS = YES_ERROR;
				CLANG_WARN_RANGE_LOOP_ANALYSIS = YES;
				CLANG_WARN_STRICT_PROTOTYPES = YES;
				CLANG_WARN_SUSPICIOUS_MOVE = YES;
				CLANG_WARN_UNREACHABLE_CODE = YES;
				CLANG_WARN__DUPLICATE_METHOD_MATCH = YES;
				"CODE_SIGN_IDENTITY[sdk=iphoneos*]" = "iPhone Developer";
				COPY_PHASE_STRIP = NO;
				DEBUG_INFORMATION_FORMAT = dwarf;
				ENABLE_STRICT_OBJC_MSGSEND = YES;
				ENABLE_TESTABILITY = YES;
				GCC_C_LANGUAGE_STANDARD = gnu99;
				GCC_DYNAMIC_NO_PIC = NO;
				GCC_NO_COMMON_BLOCKS = YES;
				GCC_OPTIMIZATION_LEVEL = 0;
				GCC_PREPROCESSOR_DEFINITIONS = (
					"DEBUG=1",
					"$(inherited)",
				);
				GCC_WARN_64_TO_32_BIT_CONVERSION = YES;
				GCC_WARN_ABOUT_RETURN_TYPE = YES_ERROR;
				GCC_WARN_UNDECLARED_SELECTOR = YES;
				GCC_WARN_UNINITIALIZED_AUTOS = YES_AGGRESSIVE;
				GCC_WARN_UNUSED_FUNCTION = YES;
				GCC_WARN_UNUSED_VARIABLE = YES;
				HEADER_SEARCH_PATHS = "$(inherited)";
				IPHONEOS_DEPLOYMENT_TARGET = 11.0;
				LIBRARY_SEARCH_PATHS = (
					"\"$(SRCROOT)/\"",
					"\"$(SRCROOT)/google/cloud/speech/v1\"",
					"$(inherited)",
				);
				MTL_ENABLE_DEBUG_INFO = YES;
				ONLY_ACTIVE_ARCH = YES;
				SDKROOT = iphoneos;
				TARGETED_DEVICE_FAMILY = "1,2";
			};
			name = Debug;
		};
		D34C17DF1C948F5800D69BCA /* Release */ = {
			isa = XCBuildConfiguration;
			buildSettings = {
				ALWAYS_SEARCH_USER_PATHS = NO;
				CLANG_CXX_LANGUAGE_STANDARD = "gnu++0x";
				CLANG_CXX_LIBRARY = "libc++";
				CLANG_ENABLE_MODULES = YES;
				CLANG_ENABLE_OBJC_ARC = YES;
				CLANG_WARN_BLOCK_CAPTURE_AUTORELEASING = YES;
				CLANG_WARN_BOOL_CONVERSION = YES;
				CLANG_WARN_COMMA = YES;
				CLANG_WARN_CONSTANT_CONVERSION = YES;
				CLANG_WARN_DEPRECATED_OBJC_IMPLEMENTATIONS = YES;
				CLANG_WARN_DIRECT_OBJC_ISA_USAGE = YES_ERROR;
				CLANG_WARN_EMPTY_BODY = YES;
				CLANG_WARN_ENUM_CONVERSION = YES;
				CLANG_WARN_INFINITE_RECURSION = YES;
				CLANG_WARN_INT_CONVERSION = YES;
				CLANG_WARN_NON_LITERAL_NULL_CONVERSION = YES;
				CLANG_WARN_OBJC_IMPLICIT_RETAIN_SELF = NO;
				CLANG_WARN_OBJC_LITERAL_CONVERSION = YES;
				CLANG_WARN_OBJC_ROOT_CLASS = YES_ERROR;
				CLANG_WARN_RANGE_LOOP_ANALYSIS = YES;
				CLANG_WARN_STRICT_PROTOTYPES = YES;
				CLANG_WARN_SUSPICIOUS_MOVE = YES;
				CLANG_WARN_UNREACHABLE_CODE = YES;
				CLANG_WARN__DUPLICATE_METHOD_MATCH = YES;
				"CODE_SIGN_IDENTITY[sdk=iphoneos*]" = "iPhone Developer";
				COPY_PHASE_STRIP = NO;
				DEBUG_INFORMATION_FORMAT = "dwarf-with-dsym";
				ENABLE_NS_ASSERTIONS = NO;
				ENABLE_STRICT_OBJC_MSGSEND = YES;
				GCC_C_LANGUAGE_STANDARD = gnu99;
				GCC_NO_COMMON_BLOCKS = YES;
				GCC_WARN_64_TO_32_BIT_CONVERSION = YES;
				GCC_WARN_ABOUT_RETURN_TYPE = YES_ERROR;
				GCC_WARN_UNDECLARED_SELECTOR = YES;
				GCC_WARN_UNINITIALIZED_AUTOS = YES_AGGRESSIVE;
				GCC_WARN_UNUSED_FUNCTION = YES;
				GCC_WARN_UNUSED_VARIABLE = YES;
				HEADER_SEARCH_PATHS = "$(inherited)";
				IPHONEOS_DEPLOYMENT_TARGET = 11.0;
				LIBRARY_SEARCH_PATHS = (
					"\"$(SRCROOT)/\"",
					"\"$(SRCROOT)/google/cloud/speech/v1\"",
					"$(inherited)",
				);
				MTL_ENABLE_DEBUG_INFO = NO;
				SDKROOT = iphoneos;
				TARGETED_DEVICE_FAMILY = "1,2";
				VALIDATE_PRODUCT = YES;
			};
			name = Release;
		};
		D34C17E11C948F5800D69BCA /* Debug */ = {
			isa = XCBuildConfiguration;
			baseConfigurationReference = 4A9721C02DC1D460E02043CD /* Pods-Embla.debug.xcconfig */;
			buildSettings = {
				ALWAYS_EMBED_SWIFT_STANDARD_LIBRARIES = NO;
				ASSETCATALOG_COMPILER_APPICON_NAME = AppIcon;
				DEVELOPMENT_TEAM = XT9WMG6U47;
				FRAMEWORK_SEARCH_PATHS = (
					"$(inherited)",
					"$(PROJECT_DIR)/OpenEars",
				);
				"HEADER_SEARCH_PATHS[arch=*]" = (
					"$(inherited)",
					"\"${PODS_ROOT}/Headers/Public\"",
					"\"${PODS_ROOT}/Headers/Public/!ProtoCompiler\"",
					"\"${PODS_ROOT}/Headers/Public/!ProtoCompiler-gRPCPlugin\"",
					"\"$(SRCROOT)/\"",
				);
				INFOPLIST_FILE = Embla/Info.plist;
				IPHONEOS_DEPLOYMENT_TARGET = 11.0;
				LD_RUNPATH_SEARCH_PATHS = (
					"$(inherited)",
					"@executable_path/Frameworks",
				);
				LIBRARY_SEARCH_PATHS = (
					"\"$(SRCROOT)/\"",
					"\"$(SRCROOT)/google/cloud/speech/v1\"",
					"$(inherited)",
				);
				PRODUCT_BUNDLE_IDENTIFIER = is.mideind.Embla;
				PRODUCT_NAME = "$(TARGET_NAME)";
			};
			name = Debug;
		};
		D34C17E21C948F5800D69BCA /* Release */ = {
			isa = XCBuildConfiguration;
			baseConfigurationReference = E041B89B0C5D1AED806E3D47 /* Pods-Embla.release.xcconfig */;
			buildSettings = {
				ALWAYS_EMBED_SWIFT_STANDARD_LIBRARIES = NO;
				ASSETCATALOG_COMPILER_APPICON_NAME = AppIcon;
				DEVELOPMENT_TEAM = XT9WMG6U47;
				FRAMEWORK_SEARCH_PATHS = (
					"$(inherited)",
					"$(PROJECT_DIR)/OpenEars",
				);
				INFOPLIST_FILE = Embla/Info.plist;
				IPHONEOS_DEPLOYMENT_TARGET = 11.0;
				LD_RUNPATH_SEARCH_PATHS = (
					"$(inherited)",
					"@executable_path/Frameworks",
				);
				LIBRARY_SEARCH_PATHS = (
					"\"$(SRCROOT)/\"",
					"\"$(SRCROOT)/google/cloud/speech/v1\"",
					"$(inherited)",
				);
				PRODUCT_BUNDLE_IDENTIFIER = is.mideind.Embla;
				PRODUCT_NAME = "$(TARGET_NAME)";
			};
			name = Release;
		};
/* End XCBuildConfiguration section */

/* Begin XCConfigurationList section */
		D34C17C41C948F5700D69BCA /* Build configuration list for PBXProject "Embla" */ = {
			isa = XCConfigurationList;
			buildConfigurations = (
				D34C17DE1C948F5800D69BCA /* Debug */,
				D34C17DF1C948F5800D69BCA /* Release */,
			);
			defaultConfigurationIsVisible = 0;
			defaultConfigurationName = Debug;
		};
		D34C17E01C948F5800D69BCA /* Build configuration list for PBXNativeTarget "Embla" */ = {
			isa = XCConfigurationList;
			buildConfigurations = (
				D34C17E11C948F5800D69BCA /* Debug */,
				D34C17E21C948F5800D69BCA /* Release */,
			);
			defaultConfigurationIsVisible = 0;
			defaultConfigurationName = Debug;
		};
/* End XCConfigurationList section */
	};
	rootObject = D34C17C11C948F5700D69BCA /* Project object */;
}
